// !$*UTF8*$!
{
	archiveVersion = 1;
	classes = {
	};
	objectVersion = 56;
	objects = {

/* Begin PBXBuildFile section */
		788F41DB2463C44DE47CC0BE /* Pods_Log4Day_Log4DayUITests.framework in Frameworks */ = {isa = PBXBuildFile; fileRef = E179730F36192A0721548DDC /* Pods_Log4Day_Log4DayUITests.framework */; };
		7B1410ACE80F339345ACF6FF /* Pods_Log4DayTests.framework in Frameworks */ = {isa = PBXBuildFile; fileRef = 5761BDB6ACE458DE209DD3CD /* Pods_Log4DayTests.framework */; };
		BC404BCF2C9077FC001BA269 /* Log4DayApp.swift in Sources */ = {isa = PBXBuildFile; fileRef = BC404BCE2C9077FC001BA269 /* Log4DayApp.swift */; };
		BC404BD12C9077FC001BA269 /* RootView.swift in Sources */ = {isa = PBXBuildFile; fileRef = BC404BD02C9077FC001BA269 /* RootView.swift */; };
		BC404BD32C9077FD001BA269 /* Assets.xcassets in Resources */ = {isa = PBXBuildFile; fileRef = BC404BD22C9077FD001BA269 /* Assets.xcassets */; };
		BC404BD62C9077FD001BA269 /* Preview Assets.xcassets in Resources */ = {isa = PBXBuildFile; fileRef = BC404BD52C9077FD001BA269 /* Preview Assets.xcassets */; };
		BC404BE02C9077FE001BA269 /* Log4DayTests.swift in Sources */ = {isa = PBXBuildFile; fileRef = BC404BDF2C9077FE001BA269 /* Log4DayTests.swift */; };
		BC404BEA2C9077FE001BA269 /* Log4DayUITests.swift in Sources */ = {isa = PBXBuildFile; fileRef = BC404BE92C9077FE001BA269 /* Log4DayUITests.swift */; };
		BC404BEC2C9077FE001BA269 /* Log4DayUITestsLaunchTests.swift in Sources */ = {isa = PBXBuildFile; fileRef = BC404BEB2C9077FE001BA269 /* Log4DayUITestsLaunchTests.swift */; };
		BC404C762C93E1BF001BA269 /* MyLogView.swift in Sources */ = {isa = PBXBuildFile; fileRef = BC404C752C93E1BF001BA269 /* MyLogView.swift */; };
		BC404C782C93E1EF001BA269 /* PlannerView.swift in Sources */ = {isa = PBXBuildFile; fileRef = BC404C772C93E1EF001BA269 /* PlannerView.swift */; };
		BC404C7A2C93E1F9001BA269 /* LogMapView.swift in Sources */ = {isa = PBXBuildFile; fileRef = BC404C792C93E1F9001BA269 /* LogMapView.swift */; };
		BC404C7D2C93F04D001BA269 /* NavigationWrapper.swift in Sources */ = {isa = PBXBuildFile; fileRef = BC404C7C2C93F04D001BA269 /* NavigationWrapper.swift */; };
		BC404C852C93F9D3001BA269 /* .gitignore in Resources */ = {isa = PBXBuildFile; fileRef = BC404C842C93F9D3001BA269 /* .gitignore */; };
		BC404C872C93FE70001BA269 /* APIKey.swift in Sources */ = {isa = PBXBuildFile; fileRef = BC404C862C93FE70001BA269 /* APIKey.swift */; };
		BC404C892C93FEA4001BA269 /* APIConstants.swift in Sources */ = {isa = PBXBuildFile; fileRef = BC404C882C93FEA4001BA269 /* APIConstants.swift */; };
		BC404C8D2C94094E001BA269 /* ViewModfiers.swift in Sources */ = {isa = PBXBuildFile; fileRef = BC404C8C2C94094E001BA269 /* ViewModfiers.swift */; };
		BC404C8F2C941195001BA269 /* ToolbarButton.swift in Sources */ = {isa = PBXBuildFile; fileRef = BC404C8E2C941195001BA269 /* ToolbarButton.swift */; };
		BC404C912C94142D001BA269 /* ToolbarTitle.swift in Sources */ = {isa = PBXBuildFile; fileRef = BC404C902C94142D001BA269 /* ToolbarTitle.swift */; };
		BC404C932C94156E001BA269 /* IsPressedButtonStyle.swift in Sources */ = {isa = PBXBuildFile; fileRef = BC404C922C94156E001BA269 /* IsPressedButtonStyle.swift */; };
		BC404C972C9417A4001BA269 /* UIViewControllerWrapper.swift in Sources */ = {isa = PBXBuildFile; fileRef = BC404C962C9417A4001BA269 /* UIViewControllerWrapper.swift */; };
		BC404C992C941829001BA269 /* NextViewWrapper.swift in Sources */ = {isa = PBXBuildFile; fileRef = BC404C982C941829001BA269 /* NextViewWrapper.swift */; };
		BC404CA42C941E0A001BA269 /* SettingView.swift in Sources */ = {isa = PBXBuildFile; fileRef = BC404CA32C941E0A001BA269 /* SettingView.swift */; };
		BC404CA62C941F0E001BA269 /* TimelineCell.swift in Sources */ = {isa = PBXBuildFile; fileRef = BC404CA52C941F0E001BA269 /* TimelineCell.swift */; };
		BC404CA82C942170001BA269 /* ListFooterView.swift in Sources */ = {isa = PBXBuildFile; fileRef = BC404CA72C942170001BA269 /* ListFooterView.swift */; };
		BC404CAA2C94218C001BA269 /* FourCutPictureView.swift in Sources */ = {isa = PBXBuildFile; fileRef = BC404CA92C94218C001BA269 /* FourCutPictureView.swift */; };
		BC404CAC2C942835001BA269 /* ToolBarNavigationLink.swift in Sources */ = {isa = PBXBuildFile; fileRef = BC404CAB2C942835001BA269 /* ToolBarNavigationLink.swift */; };
		BC404CAE2C942D15001BA269 /* BackButton.swift in Sources */ = {isa = PBXBuildFile; fileRef = BC404CAD2C942D15001BA269 /* BackButton.swift */; };
		BC404CB02C942E43001BA269 /* SettingButton.swift in Sources */ = {isa = PBXBuildFile; fileRef = BC404CAF2C942E43001BA269 /* SettingButton.swift */; };
		BC404CB82C9468DE001BA269 /* InfinityCarouselView.swift in Sources */ = {isa = PBXBuildFile; fileRef = BC404CB72C9468DE001BA269 /* InfinityCarouselView.swift */; };
		BC404CBA2C94B0A5001BA269 /* Resource.swift in Sources */ = {isa = PBXBuildFile; fileRef = BC404CB92C94B0A5001BA269 /* Resource.swift */; };
		BC4DFDCB2C9D5C22002CDC27 /* MapView.swift in Sources */ = {isa = PBXBuildFile; fileRef = BC4DFDCA2C9D5C22002CDC27 /* MapView.swift */; };
		BC4DFDCE2C9D6105002CDC27 /* RealmSwift in Frameworks */ = {isa = PBXBuildFile; productRef = BC4DFDCD2C9D6105002CDC27 /* RealmSwift */; };
		BC4DFDCF2C9D613E002CDC27 /* RealmSwift in Embed Frameworks */ = {isa = PBXBuildFile; productRef = BC4DFDCD2C9D6105002CDC27 /* RealmSwift */; settings = {ATTRIBUTES = (CodeSignOnCopy, ); }; };
		BC4DFDD32C9D64F5002CDC27 /* SwiftUIX in Frameworks */ = {isa = PBXBuildFile; productRef = BC4DFDD22C9D64F5002CDC27 /* SwiftUIX */; };
		BC4DFDD62C9D67A7002CDC27 /* LogDetail.swift in Sources */ = {isa = PBXBuildFile; fileRef = BC4DFDD52C9D67A7002CDC27 /* LogDetail.swift */; };
		BC4DFDD82C9D8900002CDC27 /* UIMapView.swift in Sources */ = {isa = PBXBuildFile; fileRef = BC4DFDD72C9D88FF002CDC27 /* UIMapView.swift */; };
		BC4DFDDD2C9D98D0002CDC27 /* LocationManager.swift in Sources */ = {isa = PBXBuildFile; fileRef = BC4DFDDC2C9D98D0002CDC27 /* LocationManager.swift */; };
		BC4DFDDF2C9E8F81002CDC27 /* TimelineCellDummy.swift in Sources */ = {isa = PBXBuildFile; fileRef = BC4DFDDE2C9E8F81002CDC27 /* TimelineCellDummy.swift */; };
		BC4DFDE12C9EA20B002CDC27 /* CalendarView.swift in Sources */ = {isa = PBXBuildFile; fileRef = BC4DFDE02C9EA20B002CDC27 /* CalendarView.swift */; };
		BC4DFDE52C9EBB21002CDC27 /* Repository.swift in Sources */ = {isa = PBXBuildFile; fileRef = BC4DFDE42C9EBB21002CDC27 /* Repository.swift */; };
		BC4DFDE72C9EBC24002CDC27 /* ManagedObject.swift in Sources */ = {isa = PBXBuildFile; fileRef = BC4DFDE62C9EBC24002CDC27 /* ManagedObject.swift */; };
		BC4DFDE92C9EBC39002CDC27 /* RepositoryResult.swift in Sources */ = {isa = PBXBuildFile; fileRef = BC4DFDE82C9EBC39002CDC27 /* RepositoryResult.swift */; };
		BC4DFDEB2C9EBC72002CDC27 /* ResourceManager.swift in Sources */ = {isa = PBXBuildFile; fileRef = BC4DFDEA2C9EBC72002CDC27 /* ResourceManager.swift */; };
		BC4DFDEE2C9EBD10002CDC27 /* Log.swift in Sources */ = {isa = PBXBuildFile; fileRef = BC4DFDED2C9EBD10002CDC27 /* Log.swift */; };
		BC4DFDF02C9EBE61002CDC27 /* Category.swift in Sources */ = {isa = PBXBuildFile; fileRef = BC4DFDEF2C9EBE61002CDC27 /* Category.swift */; };
		BC4DFDF22C9EF933002CDC27 /* FSCalanderView.swift in Sources */ = {isa = PBXBuildFile; fileRef = BC4DFDF12C9EF933002CDC27 /* FSCalanderView.swift */; };
		BC6417242C96EDF30013587A /* SideView.swift in Sources */ = {isa = PBXBuildFile; fileRef = BC6417232C96EDF30013587A /* SideView.swift */; };
		BC6417262C96EE370013587A /* SidebarButton.swift in Sources */ = {isa = PBXBuildFile; fileRef = BC6417252C96EE370013587A /* SidebarButton.swift */; };
		BC65B4FD2CA018B100E89223 /* RealmConfiguration.swift in Sources */ = {isa = PBXBuildFile; fileRef = BC65B4FC2CA018B100E89223 /* RealmConfiguration.swift */; };
		BC65B5012CA02D2000E89223 /* DateFormatManager.swift in Sources */ = {isa = PBXBuildFile; fileRef = BC65B5002CA02D2000E89223 /* DateFormatManager.swift */; };
		BC65B5052CA02DA200E89223 /* MyLogViewModel.swift in Sources */ = {isa = PBXBuildFile; fileRef = BC65B5042CA02DA200E89223 /* MyLogViewModel.swift */; };
		BC65B50D2CA05C6C00E89223 /* CategoryViewModel.swift in Sources */ = {isa = PBXBuildFile; fileRef = BC65B50C2CA05C6C00E89223 /* CategoryViewModel.swift */; };
		BC692DFD2C9C482D00374032 /* InfinitePageView.swift in Sources */ = {isa = PBXBuildFile; fileRef = BC692DFC2C9C482D00374032 /* InfinitePageView.swift */; };
		BC692DFF2C9C495300374032 /* PhotoBannerViewModel.swift in Sources */ = {isa = PBXBuildFile; fileRef = BC692DFE2C9C495300374032 /* PhotoBannerViewModel.swift */; };
		BC692E012C9C55F600374032 /* PhotoBannerView.swift in Sources */ = {isa = PBXBuildFile; fileRef = BC692E002C9C55F600374032 /* PhotoBannerView.swift */; };
		BC692E032C9C57F300374032 /* PhotoBannerItemView.swift in Sources */ = {isa = PBXBuildFile; fileRef = BC692E022C9C57F300374032 /* PhotoBannerItemView.swift */; };
		BC692E052C9D1A9E00374032 /* TapBarView.swift in Sources */ = {isa = PBXBuildFile; fileRef = BC692E042C9D1A9E00374032 /* TapBarView.swift */; };
		BC8007AB2C9D4A0300D62778 /* NavigationBar.swift in Sources */ = {isa = PBXBuildFile; fileRef = BC8007AA2C9D4A0300D62778 /* NavigationBar.swift */; };
		BC8007AD2C9D4E3F00D62778 /* SideBarView.swift in Sources */ = {isa = PBXBuildFile; fileRef = BC8007AC2C9D4E3F00D62778 /* SideBarView.swift */; };
		BCE2A0EB2C9FDC430045D01B /* PlannerSheetView.swift in Sources */ = {isa = PBXBuildFile; fileRef = BCE2A0EA2C9FDC430045D01B /* PlannerSheetView.swift */; };
		BCE2A0ED2C9FEE890045D01B /* Place.swift in Sources */ = {isa = PBXBuildFile; fileRef = BCE2A0EC2C9FEE890045D01B /* Place.swift */; };
		BCE2A0EF2C9FEFB10045D01B /* Photo.swift in Sources */ = {isa = PBXBuildFile; fileRef = BCE2A0EE2C9FEFB10045D01B /* Photo.swift */; };
		E1E6BCCB5CF29381A429C5B1 /* Pods_Log4Day.framework in Frameworks */ = {isa = PBXBuildFile; fileRef = CFF233069AF736FA39366B34 /* Pods_Log4Day.framework */; };
/* End PBXBuildFile section */

/* Begin PBXContainerItemProxy section */
		BC404BDC2C9077FE001BA269 /* PBXContainerItemProxy */ = {
			isa = PBXContainerItemProxy;
			containerPortal = BC404BC32C9077FC001BA269 /* Project object */;
			proxyType = 1;
			remoteGlobalIDString = BC404BCA2C9077FC001BA269;
			remoteInfo = Log4Day;
		};
		BC404BE62C9077FE001BA269 /* PBXContainerItemProxy */ = {
			isa = PBXContainerItemProxy;
			containerPortal = BC404BC32C9077FC001BA269 /* Project object */;
			proxyType = 1;
			remoteGlobalIDString = BC404BCA2C9077FC001BA269;
			remoteInfo = Log4Day;
		};
/* End PBXContainerItemProxy section */

/* Begin PBXCopyFilesBuildPhase section */
		BC4DFDD02C9D613E002CDC27 /* Embed Frameworks */ = {
			isa = PBXCopyFilesBuildPhase;
			buildActionMask = 2147483647;
			dstPath = "";
			dstSubfolderSpec = 10;
			files = (
				BC4DFDCF2C9D613E002CDC27 /* RealmSwift in Embed Frameworks */,
			);
			name = "Embed Frameworks";
			runOnlyForDeploymentPostprocessing = 0;
		};
/* End PBXCopyFilesBuildPhase section */

/* Begin PBXFileReference section */
		15226E134356A9F356454BB0 /* Pods-Log4Day-Log4DayUITests.debug.xcconfig */ = {isa = PBXFileReference; includeInIndex = 1; lastKnownFileType = text.xcconfig; name = "Pods-Log4Day-Log4DayUITests.debug.xcconfig"; path = "Target Support Files/Pods-Log4Day-Log4DayUITests/Pods-Log4Day-Log4DayUITests.debug.xcconfig"; sourceTree = "<group>"; };
		28E7C7624EE4AEF89F1D13EE /* Pods-Log4Day-Log4DayUITests.release.xcconfig */ = {isa = PBXFileReference; includeInIndex = 1; lastKnownFileType = text.xcconfig; name = "Pods-Log4Day-Log4DayUITests.release.xcconfig"; path = "Target Support Files/Pods-Log4Day-Log4DayUITests/Pods-Log4Day-Log4DayUITests.release.xcconfig"; sourceTree = "<group>"; };
		5761BDB6ACE458DE209DD3CD /* Pods_Log4DayTests.framework */ = {isa = PBXFileReference; explicitFileType = wrapper.framework; includeInIndex = 0; path = Pods_Log4DayTests.framework; sourceTree = BUILT_PRODUCTS_DIR; };
		8A70DFB0E03C294DFDC72B19 /* Pods-Log4DayTests.debug.xcconfig */ = {isa = PBXFileReference; includeInIndex = 1; lastKnownFileType = text.xcconfig; name = "Pods-Log4DayTests.debug.xcconfig"; path = "Target Support Files/Pods-Log4DayTests/Pods-Log4DayTests.debug.xcconfig"; sourceTree = "<group>"; };
		901FDFED920330761A94464C /* Pods-Log4Day.debug.xcconfig */ = {isa = PBXFileReference; includeInIndex = 1; lastKnownFileType = text.xcconfig; name = "Pods-Log4Day.debug.xcconfig"; path = "Target Support Files/Pods-Log4Day/Pods-Log4Day.debug.xcconfig"; sourceTree = "<group>"; };
		A9A88417ACBED645893DA685 /* Pods-Log4Day.release.xcconfig */ = {isa = PBXFileReference; includeInIndex = 1; lastKnownFileType = text.xcconfig; name = "Pods-Log4Day.release.xcconfig"; path = "Target Support Files/Pods-Log4Day/Pods-Log4Day.release.xcconfig"; sourceTree = "<group>"; };
		BC404BCB2C9077FC001BA269 /* Log4Day.app */ = {isa = PBXFileReference; explicitFileType = wrapper.application; includeInIndex = 0; path = Log4Day.app; sourceTree = BUILT_PRODUCTS_DIR; };
		BC404BCE2C9077FC001BA269 /* Log4DayApp.swift */ = {isa = PBXFileReference; lastKnownFileType = sourcecode.swift; path = Log4DayApp.swift; sourceTree = "<group>"; };
		BC404BD02C9077FC001BA269 /* RootView.swift */ = {isa = PBXFileReference; lastKnownFileType = sourcecode.swift; path = RootView.swift; sourceTree = "<group>"; };
		BC404BD22C9077FD001BA269 /* Assets.xcassets */ = {isa = PBXFileReference; lastKnownFileType = folder.assetcatalog; path = Assets.xcassets; sourceTree = "<group>"; };
		BC404BD52C9077FD001BA269 /* Preview Assets.xcassets */ = {isa = PBXFileReference; lastKnownFileType = folder.assetcatalog; path = "Preview Assets.xcassets"; sourceTree = "<group>"; };
		BC404BDB2C9077FE001BA269 /* Log4DayTests.xctest */ = {isa = PBXFileReference; explicitFileType = wrapper.cfbundle; includeInIndex = 0; path = Log4DayTests.xctest; sourceTree = BUILT_PRODUCTS_DIR; };
		BC404BDF2C9077FE001BA269 /* Log4DayTests.swift */ = {isa = PBXFileReference; lastKnownFileType = sourcecode.swift; path = Log4DayTests.swift; sourceTree = "<group>"; };
		BC404BE52C9077FE001BA269 /* Log4DayUITests.xctest */ = {isa = PBXFileReference; explicitFileType = wrapper.cfbundle; includeInIndex = 0; path = Log4DayUITests.xctest; sourceTree = BUILT_PRODUCTS_DIR; };
		BC404BE92C9077FE001BA269 /* Log4DayUITests.swift */ = {isa = PBXFileReference; lastKnownFileType = sourcecode.swift; path = Log4DayUITests.swift; sourceTree = "<group>"; };
		BC404BEB2C9077FE001BA269 /* Log4DayUITestsLaunchTests.swift */ = {isa = PBXFileReference; lastKnownFileType = sourcecode.swift; path = Log4DayUITestsLaunchTests.swift; sourceTree = "<group>"; };
		BC404C752C93E1BF001BA269 /* MyLogView.swift */ = {isa = PBXFileReference; lastKnownFileType = sourcecode.swift; path = MyLogView.swift; sourceTree = "<group>"; };
		BC404C772C93E1EF001BA269 /* PlannerView.swift */ = {isa = PBXFileReference; lastKnownFileType = sourcecode.swift; path = PlannerView.swift; sourceTree = "<group>"; };
		BC404C792C93E1F9001BA269 /* LogMapView.swift */ = {isa = PBXFileReference; lastKnownFileType = sourcecode.swift; path = LogMapView.swift; sourceTree = "<group>"; };
		BC404C7C2C93F04D001BA269 /* NavigationWrapper.swift */ = {isa = PBXFileReference; lastKnownFileType = sourcecode.swift; path = NavigationWrapper.swift; sourceTree = "<group>"; };
		BC404C842C93F9D3001BA269 /* .gitignore */ = {isa = PBXFileReference; lastKnownFileType = text; path = .gitignore; sourceTree = "<group>"; };
		BC404C862C93FE70001BA269 /* APIKey.swift */ = {isa = PBXFileReference; lastKnownFileType = sourcecode.swift; path = APIKey.swift; sourceTree = "<group>"; };
		BC404C882C93FEA4001BA269 /* APIConstants.swift */ = {isa = PBXFileReference; lastKnownFileType = sourcecode.swift; path = APIConstants.swift; sourceTree = "<group>"; };
		BC404C8C2C94094E001BA269 /* ViewModfiers.swift */ = {isa = PBXFileReference; lastKnownFileType = sourcecode.swift; path = ViewModfiers.swift; sourceTree = "<group>"; };
		BC404C8E2C941195001BA269 /* ToolbarButton.swift */ = {isa = PBXFileReference; lastKnownFileType = sourcecode.swift; path = ToolbarButton.swift; sourceTree = "<group>"; };
		BC404C902C94142D001BA269 /* ToolbarTitle.swift */ = {isa = PBXFileReference; lastKnownFileType = sourcecode.swift; path = ToolbarTitle.swift; sourceTree = "<group>"; };
		BC404C922C94156E001BA269 /* IsPressedButtonStyle.swift */ = {isa = PBXFileReference; lastKnownFileType = sourcecode.swift; path = IsPressedButtonStyle.swift; sourceTree = "<group>"; };
		BC404C962C9417A4001BA269 /* UIViewControllerWrapper.swift */ = {isa = PBXFileReference; lastKnownFileType = sourcecode.swift; path = UIViewControllerWrapper.swift; sourceTree = "<group>"; };
		BC404C982C941829001BA269 /* NextViewWrapper.swift */ = {isa = PBXFileReference; lastKnownFileType = sourcecode.swift; path = NextViewWrapper.swift; sourceTree = "<group>"; };
		BC404CA32C941E0A001BA269 /* SettingView.swift */ = {isa = PBXFileReference; lastKnownFileType = sourcecode.swift; path = SettingView.swift; sourceTree = "<group>"; };
		BC404CA52C941F0E001BA269 /* TimelineCell.swift */ = {isa = PBXFileReference; lastKnownFileType = sourcecode.swift; name = TimelineCell.swift; path = ../../Common/CustomView/TimelineCell.swift; sourceTree = "<group>"; };
		BC404CA72C942170001BA269 /* ListFooterView.swift */ = {isa = PBXFileReference; lastKnownFileType = sourcecode.swift; path = ListFooterView.swift; sourceTree = "<group>"; };
		BC404CA92C94218C001BA269 /* FourCutPictureView.swift */ = {isa = PBXFileReference; lastKnownFileType = sourcecode.swift; path = FourCutPictureView.swift; sourceTree = "<group>"; };
		BC404CAB2C942835001BA269 /* ToolBarNavigationLink.swift */ = {isa = PBXFileReference; lastKnownFileType = sourcecode.swift; path = ToolBarNavigationLink.swift; sourceTree = "<group>"; };
		BC404CAD2C942D15001BA269 /* BackButton.swift */ = {isa = PBXFileReference; lastKnownFileType = sourcecode.swift; path = BackButton.swift; sourceTree = "<group>"; };
		BC404CAF2C942E43001BA269 /* SettingButton.swift */ = {isa = PBXFileReference; lastKnownFileType = sourcecode.swift; path = SettingButton.swift; sourceTree = "<group>"; };
		BC404CB72C9468DE001BA269 /* InfinityCarouselView.swift */ = {isa = PBXFileReference; lastKnownFileType = sourcecode.swift; path = InfinityCarouselView.swift; sourceTree = "<group>"; };
		BC404CB92C94B0A5001BA269 /* Resource.swift */ = {isa = PBXFileReference; lastKnownFileType = sourcecode.swift; path = Resource.swift; sourceTree = "<group>"; };
		BC4DFDC72C9D5B3B002CDC27 /* Info.plist */ = {isa = PBXFileReference; lastKnownFileType = text.plist; path = Info.plist; sourceTree = "<group>"; };
		BC4DFDCA2C9D5C22002CDC27 /* MapView.swift */ = {isa = PBXFileReference; lastKnownFileType = sourcecode.swift; path = MapView.swift; sourceTree = "<group>"; };
		BC4DFDD52C9D67A7002CDC27 /* LogDetail.swift */ = {isa = PBXFileReference; lastKnownFileType = sourcecode.swift; path = LogDetail.swift; sourceTree = "<group>"; };
		BC4DFDD72C9D88FF002CDC27 /* UIMapView.swift */ = {isa = PBXFileReference; lastKnownFileType = sourcecode.swift; path = UIMapView.swift; sourceTree = "<group>"; };
		BC4DFDDC2C9D98D0002CDC27 /* LocationManager.swift */ = {isa = PBXFileReference; lastKnownFileType = sourcecode.swift; path = LocationManager.swift; sourceTree = "<group>"; };
		BC4DFDDE2C9E8F81002CDC27 /* TimelineCellDummy.swift */ = {isa = PBXFileReference; lastKnownFileType = sourcecode.swift; path = TimelineCellDummy.swift; sourceTree = "<group>"; };
		BC4DFDE02C9EA20B002CDC27 /* CalendarView.swift */ = {isa = PBXFileReference; lastKnownFileType = sourcecode.swift; path = CalendarView.swift; sourceTree = "<group>"; };
		BC4DFDE42C9EBB21002CDC27 /* Repository.swift */ = {isa = PBXFileReference; lastKnownFileType = sourcecode.swift; path = Repository.swift; sourceTree = "<group>"; };
		BC4DFDE62C9EBC24002CDC27 /* ManagedObject.swift */ = {isa = PBXFileReference; lastKnownFileType = sourcecode.swift; path = ManagedObject.swift; sourceTree = "<group>"; };
		BC4DFDE82C9EBC39002CDC27 /* RepositoryResult.swift */ = {isa = PBXFileReference; lastKnownFileType = sourcecode.swift; path = RepositoryResult.swift; sourceTree = "<group>"; };
		BC4DFDEA2C9EBC72002CDC27 /* ResourceManager.swift */ = {isa = PBXFileReference; lastKnownFileType = sourcecode.swift; path = ResourceManager.swift; sourceTree = "<group>"; };
		BC4DFDED2C9EBD10002CDC27 /* Log.swift */ = {isa = PBXFileReference; lastKnownFileType = sourcecode.swift; path = Log.swift; sourceTree = "<group>"; };
		BC4DFDEF2C9EBE61002CDC27 /* Category.swift */ = {isa = PBXFileReference; lastKnownFileType = sourcecode.swift; path = Category.swift; sourceTree = "<group>"; };
		BC4DFDF12C9EF933002CDC27 /* FSCalanderView.swift */ = {isa = PBXFileReference; lastKnownFileType = sourcecode.swift; path = FSCalanderView.swift; sourceTree = "<group>"; };
		BC6417232C96EDF30013587A /* SideView.swift */ = {isa = PBXFileReference; lastKnownFileType = sourcecode.swift; path = SideView.swift; sourceTree = "<group>"; };
		BC6417252C96EE370013587A /* SidebarButton.swift */ = {isa = PBXFileReference; lastKnownFileType = sourcecode.swift; path = SidebarButton.swift; sourceTree = "<group>"; };
		BC65B4FC2CA018B100E89223 /* RealmConfiguration.swift */ = {isa = PBXFileReference; lastKnownFileType = sourcecode.swift; path = RealmConfiguration.swift; sourceTree = "<group>"; };
		BC65B5002CA02D2000E89223 /* DateFormatManager.swift */ = {isa = PBXFileReference; lastKnownFileType = sourcecode.swift; path = DateFormatManager.swift; sourceTree = "<group>"; };
		BC65B5042CA02DA200E89223 /* MyLogViewModel.swift */ = {isa = PBXFileReference; lastKnownFileType = sourcecode.swift; path = MyLogViewModel.swift; sourceTree = "<group>"; };
		BC65B50C2CA05C6C00E89223 /* CategoryViewModel.swift */ = {isa = PBXFileReference; lastKnownFileType = sourcecode.swift; path = CategoryViewModel.swift; sourceTree = "<group>"; };
		BC692DFC2C9C482D00374032 /* InfinitePageView.swift */ = {isa = PBXFileReference; lastKnownFileType = sourcecode.swift; path = InfinitePageView.swift; sourceTree = "<group>"; };
		BC692DFE2C9C495300374032 /* PhotoBannerViewModel.swift */ = {isa = PBXFileReference; lastKnownFileType = sourcecode.swift; path = PhotoBannerViewModel.swift; sourceTree = "<group>"; };
		BC692E002C9C55F600374032 /* PhotoBannerView.swift */ = {isa = PBXFileReference; lastKnownFileType = sourcecode.swift; path = PhotoBannerView.swift; sourceTree = "<group>"; };
		BC692E022C9C57F300374032 /* PhotoBannerItemView.swift */ = {isa = PBXFileReference; lastKnownFileType = sourcecode.swift; path = PhotoBannerItemView.swift; sourceTree = "<group>"; };
		BC692E042C9D1A9E00374032 /* TapBarView.swift */ = {isa = PBXFileReference; lastKnownFileType = sourcecode.swift; path = TapBarView.swift; sourceTree = "<group>"; };
		BC8007AA2C9D4A0300D62778 /* NavigationBar.swift */ = {isa = PBXFileReference; lastKnownFileType = sourcecode.swift; path = NavigationBar.swift; sourceTree = "<group>"; };
		BC8007AC2C9D4E3F00D62778 /* SideBarView.swift */ = {isa = PBXFileReference; lastKnownFileType = sourcecode.swift; path = SideBarView.swift; sourceTree = "<group>"; };
		BCE2A0EA2C9FDC430045D01B /* PlannerSheetView.swift */ = {isa = PBXFileReference; lastKnownFileType = sourcecode.swift; path = PlannerSheetView.swift; sourceTree = "<group>"; };
		BCE2A0EC2C9FEE890045D01B /* Place.swift */ = {isa = PBXFileReference; lastKnownFileType = sourcecode.swift; path = Place.swift; sourceTree = "<group>"; };
		BCE2A0EE2C9FEFB10045D01B /* Photo.swift */ = {isa = PBXFileReference; lastKnownFileType = sourcecode.swift; path = Photo.swift; sourceTree = "<group>"; };
		C857C968335CB304B42A9046 /* Pods-Log4DayTests.release.xcconfig */ = {isa = PBXFileReference; includeInIndex = 1; lastKnownFileType = text.xcconfig; name = "Pods-Log4DayTests.release.xcconfig"; path = "Target Support Files/Pods-Log4DayTests/Pods-Log4DayTests.release.xcconfig"; sourceTree = "<group>"; };
		CFF233069AF736FA39366B34 /* Pods_Log4Day.framework */ = {isa = PBXFileReference; explicitFileType = wrapper.framework; includeInIndex = 0; path = Pods_Log4Day.framework; sourceTree = BUILT_PRODUCTS_DIR; };
		E179730F36192A0721548DDC /* Pods_Log4Day_Log4DayUITests.framework */ = {isa = PBXFileReference; explicitFileType = wrapper.framework; includeInIndex = 0; path = Pods_Log4Day_Log4DayUITests.framework; sourceTree = BUILT_PRODUCTS_DIR; };
/* End PBXFileReference section */

/* Begin PBXFrameworksBuildPhase section */
		BC404BC82C9077FC001BA269 /* Frameworks */ = {
			isa = PBXFrameworksBuildPhase;
			buildActionMask = 2147483647;
			files = (
				BC4DFDD32C9D64F5002CDC27 /* SwiftUIX in Frameworks */,
				BC4DFDCE2C9D6105002CDC27 /* RealmSwift in Frameworks */,
				E1E6BCCB5CF29381A429C5B1 /* Pods_Log4Day.framework in Frameworks */,
			);
			runOnlyForDeploymentPostprocessing = 0;
		};
		BC404BD82C9077FE001BA269 /* Frameworks */ = {
			isa = PBXFrameworksBuildPhase;
			buildActionMask = 2147483647;
			files = (
				7B1410ACE80F339345ACF6FF /* Pods_Log4DayTests.framework in Frameworks */,
			);
			runOnlyForDeploymentPostprocessing = 0;
		};
		BC404BE22C9077FE001BA269 /* Frameworks */ = {
			isa = PBXFrameworksBuildPhase;
			buildActionMask = 2147483647;
			files = (
				788F41DB2463C44DE47CC0BE /* Pods_Log4Day_Log4DayUITests.framework in Frameworks */,
			);
			runOnlyForDeploymentPostprocessing = 0;
		};
/* End PBXFrameworksBuildPhase section */

/* Begin PBXGroup section */
		66AADE4C704BF9EB92536C4C /* Pods */ = {
			isa = PBXGroup;
			children = (
				901FDFED920330761A94464C /* Pods-Log4Day.debug.xcconfig */,
				A9A88417ACBED645893DA685 /* Pods-Log4Day.release.xcconfig */,
				15226E134356A9F356454BB0 /* Pods-Log4Day-Log4DayUITests.debug.xcconfig */,
				28E7C7624EE4AEF89F1D13EE /* Pods-Log4Day-Log4DayUITests.release.xcconfig */,
				8A70DFB0E03C294DFDC72B19 /* Pods-Log4DayTests.debug.xcconfig */,
				C857C968335CB304B42A9046 /* Pods-Log4DayTests.release.xcconfig */,
			);
			path = Pods;
			sourceTree = "<group>";
		};
		8B97248B2AD9AB85E11FF024 /* Frameworks */ = {
			isa = PBXGroup;
			children = (
				CFF233069AF736FA39366B34 /* Pods_Log4Day.framework */,
				E179730F36192A0721548DDC /* Pods_Log4Day_Log4DayUITests.framework */,
				5761BDB6ACE458DE209DD3CD /* Pods_Log4DayTests.framework */,
			);
			name = Frameworks;
			sourceTree = "<group>";
		};
		BC404BC22C9077FC001BA269 = {
			isa = PBXGroup;
			children = (
				BC404C842C93F9D3001BA269 /* .gitignore */,
				BC404BCD2C9077FC001BA269 /* Log4Day */,
				BC404BDE2C9077FE001BA269 /* Log4DayTests */,
				BC404BE82C9077FE001BA269 /* Log4DayUITests */,
				BC404BCC2C9077FC001BA269 /* Products */,
				66AADE4C704BF9EB92536C4C /* Pods */,
				8B97248B2AD9AB85E11FF024 /* Frameworks */,
			);
			sourceTree = "<group>";
		};
		BC404BCC2C9077FC001BA269 /* Products */ = {
			isa = PBXGroup;
			children = (
				BC404BCB2C9077FC001BA269 /* Log4Day.app */,
				BC404BDB2C9077FE001BA269 /* Log4DayTests.xctest */,
				BC404BE52C9077FE001BA269 /* Log4DayUITests.xctest */,
			);
			name = Products;
			sourceTree = "<group>";
		};
		BC404BCD2C9077FC001BA269 /* Log4Day */ = {
			isa = PBXGroup;
			children = (
				BC65B4FF2CA02D1100E89223 /* Util */,
				BC4DFDD92C9D98B5002CDC27 /* Location */,
				BC4DFDC72C9D5B3B002CDC27 /* Info.plist */,
				BC404C802C93F993001BA269 /* Storage */,
				BC404C7E2C93F96D001BA269 /* Network */,
				BC404C742C93E151001BA269 /* Presenter */,
				BC404BD42C9077FD001BA269 /* Preview Content */,
			);
			path = Log4Day;
			sourceTree = "<group>";
		};
		BC404BD42C9077FD001BA269 /* Preview Content */ = {
			isa = PBXGroup;
			children = (
				BC404BD52C9077FD001BA269 /* Preview Assets.xcassets */,
			);
			path = "Preview Content";
			sourceTree = "<group>";
		};
		BC404BDE2C9077FE001BA269 /* Log4DayTests */ = {
			isa = PBXGroup;
			children = (
				BC404BDF2C9077FE001BA269 /* Log4DayTests.swift */,
			);
			path = Log4DayTests;
			sourceTree = "<group>";
		};
		BC404BE82C9077FE001BA269 /* Log4DayUITests */ = {
			isa = PBXGroup;
			children = (
				BC404BE92C9077FE001BA269 /* Log4DayUITests.swift */,
				BC404BEB2C9077FE001BA269 /* Log4DayUITestsLaunchTests.swift */,
			);
			path = Log4DayUITests;
			sourceTree = "<group>";
		};
		BC404C712C93E132001BA269 /* MyLog */ = {
			isa = PBXGroup;
			children = (
				BC65B5032CA02D7F00E89223 /* View */,
				BC65B5022CA02D7B00E89223 /* ViewModel */,
				BC692DFE2C9C495300374032 /* PhotoBannerViewModel.swift */,
			);
			path = MyLog;
			sourceTree = "<group>";
		};
		BC404C722C93E144001BA269 /* Planner */ = {
			isa = PBXGroup;
			children = (
				BC404C772C93E1EF001BA269 /* PlannerView.swift */,
				BCE2A0EA2C9FDC430045D01B /* PlannerSheetView.swift */,
			);
			path = Planner;
			sourceTree = "<group>";
		};
		BC404C732C93E14B001BA269 /* LogMap */ = {
			isa = PBXGroup;
			children = (
				BC404C792C93E1F9001BA269 /* LogMapView.swift */,
			);
			path = LogMap;
			sourceTree = "<group>";
		};
		BC404C742C93E151001BA269 /* Presenter */ = {
			isa = PBXGroup;
			children = (
				BC404BCE2C9077FC001BA269 /* Log4DayApp.swift */,
				BC404BD02C9077FC001BA269 /* RootView.swift */,
				BC404C7B2C93F03D001BA269 /* Common */,
				BC404C712C93E132001BA269 /* MyLog */,
				BC404C722C93E144001BA269 /* Planner */,
				BC404C732C93E14B001BA269 /* LogMap */,
				BC4DFDD42C9D674D002CDC27 /* LogDetail */,
				BC404C9B2C9418EE001BA269 /* Category */,
				BC404C9A2C9418E3001BA269 /* Setting */,
			);
			path = Presenter;
			sourceTree = "<group>";
		};
		BC404C7B2C93F03D001BA269 /* Common */ = {
			isa = PBXGroup;
			children = (
				BC404C7F2C93F974001BA269 /* Resource */,
				BC404CA02C941BD9001BA269 /* CustomShape */,
				BC404C952C94176A001BA269 /* CustomWrapper */,
				BC404C8B2C940934001BA269 /* CustomView */,
				BC404C8A2C94092D001BA269 /* CustomModifier */,
				BC404C942C941752001BA269 /* CustomStyle */,
			);
			path = Common;
			sourceTree = "<group>";
		};
		BC404C7E2C93F96D001BA269 /* Network */ = {
			isa = PBXGroup;
			children = (
				BC404C822C93F9A3001BA269 /* Resource */,
				BC404C812C93F99C001BA269 /* Model */,
				BC404C832C93F9A9001BA269 /* Router */,
			);
			path = Network;
			sourceTree = "<group>";
		};
		BC404C7F2C93F974001BA269 /* Resource */ = {
			isa = PBXGroup;
			children = (
				BC404BD22C9077FD001BA269 /* Assets.xcassets */,
				BC404CB92C94B0A5001BA269 /* Resource.swift */,
			);
			path = Resource;
			sourceTree = "<group>";
		};
		BC404C802C93F993001BA269 /* Storage */ = {
			isa = PBXGroup;
			children = (
				BC65B5062CA04FCB00E89223 /* Protocol */,
				BC4DFDEC2C9EBCD4002CDC27 /* Model */,
				BC4DFDE42C9EBB21002CDC27 /* Repository.swift */,
				BC4DFDEA2C9EBC72002CDC27 /* ResourceManager.swift */,
				BC65B4FC2CA018B100E89223 /* RealmConfiguration.swift */,
			);
			path = Storage;
			sourceTree = "<group>";
		};
		BC404C812C93F99C001BA269 /* Model */ = {
			isa = PBXGroup;
			children = (
			);
			path = Model;
			sourceTree = "<group>";
		};
		BC404C822C93F9A3001BA269 /* Resource */ = {
			isa = PBXGroup;
			children = (
				BC404C862C93FE70001BA269 /* APIKey.swift */,
				BC404C882C93FEA4001BA269 /* APIConstants.swift */,
			);
			path = Resource;
			sourceTree = "<group>";
		};
		BC404C832C93F9A9001BA269 /* Router */ = {
			isa = PBXGroup;
			children = (
			);
			path = Router;
			sourceTree = "<group>";
		};
		BC404C8A2C94092D001BA269 /* CustomModifier */ = {
			isa = PBXGroup;
			children = (
				BC404C8C2C94094E001BA269 /* ViewModfiers.swift */,
			);
			path = CustomModifier;
			sourceTree = "<group>";
		};
		BC404C8B2C940934001BA269 /* CustomView */ = {
			isa = PBXGroup;
			children = (
				BC404C8E2C941195001BA269 /* ToolbarButton.swift */,
				BC404CA72C942170001BA269 /* ListFooterView.swift */,
				BC404CA92C94218C001BA269 /* FourCutPictureView.swift */,
				BC404CAB2C942835001BA269 /* ToolBarNavigationLink.swift */,
				BC404C902C94142D001BA269 /* ToolbarTitle.swift */,
				BC404CAD2C942D15001BA269 /* BackButton.swift */,
				BC404CAF2C942E43001BA269 /* SettingButton.swift */,
				BC404CB72C9468DE001BA269 /* InfinityCarouselView.swift */,
				BC692DFC2C9C482D00374032 /* InfinitePageView.swift */,
				BC692E002C9C55F600374032 /* PhotoBannerView.swift */,
				BC692E022C9C57F300374032 /* PhotoBannerItemView.swift */,
				BC4DFDCA2C9D5C22002CDC27 /* MapView.swift */,
				BC8007AA2C9D4A0300D62778 /* NavigationBar.swift */,
				BC4DFDE02C9EA20B002CDC27 /* CalendarView.swift */,
				BC4DFDF12C9EF933002CDC27 /* FSCalanderView.swift */,
			);
			path = CustomView;
			sourceTree = "<group>";
		};
		BC404C942C941752001BA269 /* CustomStyle */ = {
			isa = PBXGroup;
			children = (
				BC404C922C94156E001BA269 /* IsPressedButtonStyle.swift */,
			);
			path = CustomStyle;
			sourceTree = "<group>";
		};
		BC404C952C94176A001BA269 /* CustomWrapper */ = {
			isa = PBXGroup;
			children = (
				BC404C7C2C93F04D001BA269 /* NavigationWrapper.swift */,
				BC404C962C9417A4001BA269 /* UIViewControllerWrapper.swift */,
				BC404C982C941829001BA269 /* NextViewWrapper.swift */,
				BC4DFDD72C9D88FF002CDC27 /* UIMapView.swift */,
			);
			path = CustomWrapper;
			sourceTree = "<group>";
		};
		BC404C9A2C9418E3001BA269 /* Setting */ = {
			isa = PBXGroup;
			children = (
				BC404CA32C941E0A001BA269 /* SettingView.swift */,
			);
			path = Setting;
			sourceTree = "<group>";
		};
		BC404C9B2C9418EE001BA269 /* Category */ = {
			isa = PBXGroup;
			children = (
				BC6417232C96EDF30013587A /* SideView.swift */,
				BC8007AC2C9D4E3F00D62778 /* SideBarView.swift */,
				BC6417252C96EE370013587A /* SidebarButton.swift */,
				BC65B50C2CA05C6C00E89223 /* CategoryViewModel.swift */,
			);
			path = Category;
			sourceTree = "<group>";
		};
		BC404CA02C941BD9001BA269 /* CustomShape */ = {
			isa = PBXGroup;
			children = (
			);
			path = CustomShape;
			sourceTree = "<group>";
		};
		BC4DFDD42C9D674D002CDC27 /* LogDetail */ = {
			isa = PBXGroup;
			children = (
				BC4DFDD52C9D67A7002CDC27 /* LogDetail.swift */,
			);
			path = LogDetail;
			sourceTree = "<group>";
		};
		BC4DFDD92C9D98B5002CDC27 /* Location */ = {
			isa = PBXGroup;
			children = (
				BC4DFDDC2C9D98D0002CDC27 /* LocationManager.swift */,
			);
			path = Location;
			sourceTree = "<group>";
		};
		BC4DFDEC2C9EBCD4002CDC27 /* Model */ = {
			isa = PBXGroup;
			children = (
				BC4DFDEF2C9EBE61002CDC27 /* Category.swift */,
				BC4DFDED2C9EBD10002CDC27 /* Log.swift */,
				BCE2A0EC2C9FEE890045D01B /* Place.swift */,
				BCE2A0EE2C9FEFB10045D01B /* Photo.swift */,
			);
			path = Model;
			sourceTree = "<group>";
		};
		BC65B4FF2CA02D1100E89223 /* Util */ = {
			isa = PBXGroup;
			children = (
				BC65B5002CA02D2000E89223 /* DateFormatManager.swift */,
			);
			path = Util;
			sourceTree = "<group>";
		};
		BC65B5022CA02D7B00E89223 /* ViewModel */ = {
			isa = PBXGroup;
			children = (
				BC65B5042CA02DA200E89223 /* MyLogViewModel.swift */,
			);
			path = ViewModel;
			sourceTree = "<group>";
		};
		BC65B5032CA02D7F00E89223 /* View */ = {
			isa = PBXGroup;
			children = (
				BC404C752C93E1BF001BA269 /* MyLogView.swift */,
				BC692E042C9D1A9E00374032 /* TapBarView.swift */,
				BC404CA52C941F0E001BA269 /* TimelineCell.swift */,
				BC4DFDDE2C9E8F81002CDC27 /* TimelineCellDummy.swift */,
			);
			path = View;
			sourceTree = "<group>";
		};
		BC65B5062CA04FCB00E89223 /* Protocol */ = {
			isa = PBXGroup;
			children = (
				BC4DFDE62C9EBC24002CDC27 /* ManagedObject.swift */,
				BC4DFDE82C9EBC39002CDC27 /* RepositoryResult.swift */,
			);
			path = Protocol;
			sourceTree = "<group>";
		};
/* End PBXGroup section */

/* Begin PBXNativeTarget section */
		BC404BCA2C9077FC001BA269 /* Log4Day */ = {
			isa = PBXNativeTarget;
			buildConfigurationList = BC404BEF2C9077FE001BA269 /* Build configuration list for PBXNativeTarget "Log4Day" */;
			buildPhases = (
				6B5D9097A0C1DB25829E074A /* [CP] Check Pods Manifest.lock */,
				BC404BC72C9077FC001BA269 /* Sources */,
				BC404BC82C9077FC001BA269 /* Frameworks */,
				BC404BC92C9077FC001BA269 /* Resources */,
				8FB0A57DC0D912D25410DC39 /* [CP] Embed Pods Frameworks */,
				BC4DFDD02C9D613E002CDC27 /* Embed Frameworks */,
			);
			buildRules = (
			);
			dependencies = (
			);
			name = Log4Day;
			packageProductDependencies = (
				BC4DFDCD2C9D6105002CDC27 /* RealmSwift */,
				BC4DFDD22C9D64F5002CDC27 /* SwiftUIX */,
			);
			productName = Log4Day;
			productReference = BC404BCB2C9077FC001BA269 /* Log4Day.app */;
			productType = "com.apple.product-type.application";
		};
		BC404BDA2C9077FE001BA269 /* Log4DayTests */ = {
			isa = PBXNativeTarget;
			buildConfigurationList = BC404BF22C9077FE001BA269 /* Build configuration list for PBXNativeTarget "Log4DayTests" */;
			buildPhases = (
				7BD1B41ED5F16DB4A2012062 /* [CP] Check Pods Manifest.lock */,
				BC404BD72C9077FE001BA269 /* Sources */,
				BC404BD82C9077FE001BA269 /* Frameworks */,
				BC404BD92C9077FE001BA269 /* Resources */,
			);
			buildRules = (
			);
			dependencies = (
				BC404BDD2C9077FE001BA269 /* PBXTargetDependency */,
			);
			name = Log4DayTests;
			productName = Log4DayTests;
			productReference = BC404BDB2C9077FE001BA269 /* Log4DayTests.xctest */;
			productType = "com.apple.product-type.bundle.unit-test";
		};
		BC404BE42C9077FE001BA269 /* Log4DayUITests */ = {
			isa = PBXNativeTarget;
			buildConfigurationList = BC404BF52C9077FE001BA269 /* Build configuration list for PBXNativeTarget "Log4DayUITests" */;
			buildPhases = (
				5A462E2DFF9B682E6380A1EA /* [CP] Check Pods Manifest.lock */,
				BC404BE12C9077FE001BA269 /* Sources */,
				BC404BE22C9077FE001BA269 /* Frameworks */,
				BC404BE32C9077FE001BA269 /* Resources */,
				AE481C2CD567F106FAF68B16 /* [CP] Embed Pods Frameworks */,
			);
			buildRules = (
			);
			dependencies = (
				BC404BE72C9077FE001BA269 /* PBXTargetDependency */,
			);
			name = Log4DayUITests;
			productName = Log4DayUITests;
			productReference = BC404BE52C9077FE001BA269 /* Log4DayUITests.xctest */;
			productType = "com.apple.product-type.bundle.ui-testing";
		};
/* End PBXNativeTarget section */

/* Begin PBXProject section */
		BC404BC32C9077FC001BA269 /* Project object */ = {
			isa = PBXProject;
			attributes = {
				BuildIndependentTargetsInParallel = 1;
				LastSwiftUpdateCheck = 1540;
				LastUpgradeCheck = 1540;
				TargetAttributes = {
					BC404BCA2C9077FC001BA269 = {
						CreatedOnToolsVersion = 15.4;
					};
					BC404BDA2C9077FE001BA269 = {
						CreatedOnToolsVersion = 15.4;
						TestTargetID = BC404BCA2C9077FC001BA269;
					};
					BC404BE42C9077FE001BA269 = {
						CreatedOnToolsVersion = 15.4;
						TestTargetID = BC404BCA2C9077FC001BA269;
					};
				};
			};
			buildConfigurationList = BC404BC62C9077FC001BA269 /* Build configuration list for PBXProject "Log4Day" */;
			compatibilityVersion = "Xcode 14.0";
			developmentRegion = en;
			hasScannedForEncodings = 0;
			knownRegions = (
				en,
				Base,
			);
			mainGroup = BC404BC22C9077FC001BA269;
			packageReferences = (
				BC4DFDCC2C9D6105002CDC27 /* XCRemoteSwiftPackageReference "realm-swift" */,
				BC4DFDD12C9D64F5002CDC27 /* XCRemoteSwiftPackageReference "SwiftUIX" */,
			);
			productRefGroup = BC404BCC2C9077FC001BA269 /* Products */;
			projectDirPath = "";
			projectRoot = "";
			targets = (
				BC404BCA2C9077FC001BA269 /* Log4Day */,
				BC404BDA2C9077FE001BA269 /* Log4DayTests */,
				BC404BE42C9077FE001BA269 /* Log4DayUITests */,
			);
		};
/* End PBXProject section */

/* Begin PBXResourcesBuildPhase section */
		BC404BC92C9077FC001BA269 /* Resources */ = {
			isa = PBXResourcesBuildPhase;
			buildActionMask = 2147483647;
			files = (
				BC404BD62C9077FD001BA269 /* Preview Assets.xcassets in Resources */,
				BC404C852C93F9D3001BA269 /* .gitignore in Resources */,
				BC404BD32C9077FD001BA269 /* Assets.xcassets in Resources */,
			);
			runOnlyForDeploymentPostprocessing = 0;
		};
		BC404BD92C9077FE001BA269 /* Resources */ = {
			isa = PBXResourcesBuildPhase;
			buildActionMask = 2147483647;
			files = (
			);
			runOnlyForDeploymentPostprocessing = 0;
		};
		BC404BE32C9077FE001BA269 /* Resources */ = {
			isa = PBXResourcesBuildPhase;
			buildActionMask = 2147483647;
			files = (
			);
			runOnlyForDeploymentPostprocessing = 0;
		};
/* End PBXResourcesBuildPhase section */

/* Begin PBXShellScriptBuildPhase section */
		5A462E2DFF9B682E6380A1EA /* [CP] Check Pods Manifest.lock */ = {
			isa = PBXShellScriptBuildPhase;
			buildActionMask = 2147483647;
			files = (
			);
			inputFileListPaths = (
			);
			inputPaths = (
				"${PODS_PODFILE_DIR_PATH}/Podfile.lock",
				"${PODS_ROOT}/Manifest.lock",
			);
			name = "[CP] Check Pods Manifest.lock";
			outputFileListPaths = (
			);
			outputPaths = (
				"$(DERIVED_FILE_DIR)/Pods-Log4Day-Log4DayUITests-checkManifestLockResult.txt",
			);
			runOnlyForDeploymentPostprocessing = 0;
			shellPath = /bin/sh;
			shellScript = "diff \"${PODS_PODFILE_DIR_PATH}/Podfile.lock\" \"${PODS_ROOT}/Manifest.lock\" > /dev/null\nif [ $? != 0 ] ; then\n    # print error to STDERR\n    echo \"error: The sandbox is not in sync with the Podfile.lock. Run 'pod install' or update your CocoaPods installation.\" >&2\n    exit 1\nfi\n# This output is used by Xcode 'outputs' to avoid re-running this script phase.\necho \"SUCCESS\" > \"${SCRIPT_OUTPUT_FILE_0}\"\n";
			showEnvVarsInLog = 0;
		};
		6B5D9097A0C1DB25829E074A /* [CP] Check Pods Manifest.lock */ = {
			isa = PBXShellScriptBuildPhase;
			buildActionMask = 2147483647;
			files = (
			);
			inputFileListPaths = (
			);
			inputPaths = (
				"${PODS_PODFILE_DIR_PATH}/Podfile.lock",
				"${PODS_ROOT}/Manifest.lock",
			);
			name = "[CP] Check Pods Manifest.lock";
			outputFileListPaths = (
			);
			outputPaths = (
				"$(DERIVED_FILE_DIR)/Pods-Log4Day-checkManifestLockResult.txt",
			);
			runOnlyForDeploymentPostprocessing = 0;
			shellPath = /bin/sh;
			shellScript = "diff \"${PODS_PODFILE_DIR_PATH}/Podfile.lock\" \"${PODS_ROOT}/Manifest.lock\" > /dev/null\nif [ $? != 0 ] ; then\n    # print error to STDERR\n    echo \"error: The sandbox is not in sync with the Podfile.lock. Run 'pod install' or update your CocoaPods installation.\" >&2\n    exit 1\nfi\n# This output is used by Xcode 'outputs' to avoid re-running this script phase.\necho \"SUCCESS\" > \"${SCRIPT_OUTPUT_FILE_0}\"\n";
			showEnvVarsInLog = 0;
		};
		7BD1B41ED5F16DB4A2012062 /* [CP] Check Pods Manifest.lock */ = {
			isa = PBXShellScriptBuildPhase;
			buildActionMask = 2147483647;
			files = (
			);
			inputFileListPaths = (
			);
			inputPaths = (
				"${PODS_PODFILE_DIR_PATH}/Podfile.lock",
				"${PODS_ROOT}/Manifest.lock",
			);
			name = "[CP] Check Pods Manifest.lock";
			outputFileListPaths = (
			);
			outputPaths = (
				"$(DERIVED_FILE_DIR)/Pods-Log4DayTests-checkManifestLockResult.txt",
			);
			runOnlyForDeploymentPostprocessing = 0;
			shellPath = /bin/sh;
			shellScript = "diff \"${PODS_PODFILE_DIR_PATH}/Podfile.lock\" \"${PODS_ROOT}/Manifest.lock\" > /dev/null\nif [ $? != 0 ] ; then\n    # print error to STDERR\n    echo \"error: The sandbox is not in sync with the Podfile.lock. Run 'pod install' or update your CocoaPods installation.\" >&2\n    exit 1\nfi\n# This output is used by Xcode 'outputs' to avoid re-running this script phase.\necho \"SUCCESS\" > \"${SCRIPT_OUTPUT_FILE_0}\"\n";
			showEnvVarsInLog = 0;
		};
		8FB0A57DC0D912D25410DC39 /* [CP] Embed Pods Frameworks */ = {
			isa = PBXShellScriptBuildPhase;
			buildActionMask = 2147483647;
			files = (
			);
			inputFileListPaths = (
				"${PODS_ROOT}/Target Support Files/Pods-Log4Day/Pods-Log4Day-frameworks-${CONFIGURATION}-input-files.xcfilelist",
			);
			name = "[CP] Embed Pods Frameworks";
			outputFileListPaths = (
				"${PODS_ROOT}/Target Support Files/Pods-Log4Day/Pods-Log4Day-frameworks-${CONFIGURATION}-output-files.xcfilelist",
			);
			runOnlyForDeploymentPostprocessing = 0;
			shellPath = /bin/sh;
			shellScript = "\"${PODS_ROOT}/Target Support Files/Pods-Log4Day/Pods-Log4Day-frameworks.sh\"\n";
			showEnvVarsInLog = 0;
		};
		AE481C2CD567F106FAF68B16 /* [CP] Embed Pods Frameworks */ = {
			isa = PBXShellScriptBuildPhase;
			buildActionMask = 2147483647;
			files = (
			);
			inputFileListPaths = (
				"${PODS_ROOT}/Target Support Files/Pods-Log4Day-Log4DayUITests/Pods-Log4Day-Log4DayUITests-frameworks-${CONFIGURATION}-input-files.xcfilelist",
			);
			name = "[CP] Embed Pods Frameworks";
			outputFileListPaths = (
				"${PODS_ROOT}/Target Support Files/Pods-Log4Day-Log4DayUITests/Pods-Log4Day-Log4DayUITests-frameworks-${CONFIGURATION}-output-files.xcfilelist",
			);
			runOnlyForDeploymentPostprocessing = 0;
			shellPath = /bin/sh;
			shellScript = "\"${PODS_ROOT}/Target Support Files/Pods-Log4Day-Log4DayUITests/Pods-Log4Day-Log4DayUITests-frameworks.sh\"\n";
			showEnvVarsInLog = 0;
		};
/* End PBXShellScriptBuildPhase section */

/* Begin PBXSourcesBuildPhase section */
		BC404BC72C9077FC001BA269 /* Sources */ = {
			isa = PBXSourcesBuildPhase;
			buildActionMask = 2147483647;
			files = (
				BC65B5052CA02DA200E89223 /* MyLogViewModel.swift in Sources */,
				BCE2A0EF2C9FEFB10045D01B /* Photo.swift in Sources */,
				BC65B50D2CA05C6C00E89223 /* CategoryViewModel.swift in Sources */,
				BC4DFDD62C9D67A7002CDC27 /* LogDetail.swift in Sources */,
				BC4DFDEE2C9EBD10002CDC27 /* Log.swift in Sources */,
				BC404CB02C942E43001BA269 /* SettingButton.swift in Sources */,
				BC404CAA2C94218C001BA269 /* FourCutPictureView.swift in Sources */,
				BC404C7A2C93E1F9001BA269 /* LogMapView.swift in Sources */,
				BC404CAE2C942D15001BA269 /* BackButton.swift in Sources */,
				BCE2A0ED2C9FEE890045D01B /* Place.swift in Sources */,
				BC65B5012CA02D2000E89223 /* DateFormatManager.swift in Sources */,
				BC404C992C941829001BA269 /* NextViewWrapper.swift in Sources */,
				BC404C8F2C941195001BA269 /* ToolbarButton.swift in Sources */,
				BC404C872C93FE70001BA269 /* APIKey.swift in Sources */,
				BC4DFDDD2C9D98D0002CDC27 /* LocationManager.swift in Sources */,
				BC404C912C94142D001BA269 /* ToolbarTitle.swift in Sources */,
				BC692E032C9C57F300374032 /* PhotoBannerItemView.swift in Sources */,
				BC4DFDCB2C9D5C22002CDC27 /* MapView.swift in Sources */,
				BC4DFDD82C9D8900002CDC27 /* UIMapView.swift in Sources */,
				BC404BD12C9077FC001BA269 /* RootView.swift in Sources */,
				BC692DFD2C9C482D00374032 /* InfinitePageView.swift in Sources */,
				BC404CBA2C94B0A5001BA269 /* Resource.swift in Sources */,
				BC404C7D2C93F04D001BA269 /* NavigationWrapper.swift in Sources */,
				BC404CA62C941F0E001BA269 /* TimelineCell.swift in Sources */,
				BC4DFDE92C9EBC39002CDC27 /* RepositoryResult.swift in Sources */,
				BC404C932C94156E001BA269 /* IsPressedButtonStyle.swift in Sources */,
				BC404CA42C941E0A001BA269 /* SettingView.swift in Sources */,
				BC404C892C93FEA4001BA269 /* APIConstants.swift in Sources */,
				BC4DFDE12C9EA20B002CDC27 /* CalendarView.swift in Sources */,
				BC692E052C9D1A9E00374032 /* TapBarView.swift in Sources */,
				BC4DFDF22C9EF933002CDC27 /* FSCalanderView.swift in Sources */,
				BC4DFDE72C9EBC24002CDC27 /* ManagedObject.swift in Sources */,
				BC6417242C96EDF30013587A /* SideView.swift in Sources */,
				BC8007AB2C9D4A0300D62778 /* NavigationBar.swift in Sources */,
				BC404BCF2C9077FC001BA269 /* Log4DayApp.swift in Sources */,
				BC404C972C9417A4001BA269 /* UIViewControllerWrapper.swift in Sources */,
				BC404C762C93E1BF001BA269 /* MyLogView.swift in Sources */,
				BC692E012C9C55F600374032 /* PhotoBannerView.swift in Sources */,
				BC4DFDEB2C9EBC72002CDC27 /* ResourceManager.swift in Sources */,
				BC4DFDE52C9EBB21002CDC27 /* Repository.swift in Sources */,
				BC404CA82C942170001BA269 /* ListFooterView.swift in Sources */,
				BC6417262C96EE370013587A /* SidebarButton.swift in Sources */,
				BC404C8D2C94094E001BA269 /* ViewModfiers.swift in Sources */,
				BC8007AD2C9D4E3F00D62778 /* SideBarView.swift in Sources */,
				BC692DFF2C9C495300374032 /* PhotoBannerViewModel.swift in Sources */,
				BC65B4FD2CA018B100E89223 /* RealmConfiguration.swift in Sources */,
				BC404C782C93E1EF001BA269 /* PlannerView.swift in Sources */,
				BCE2A0EB2C9FDC430045D01B /* PlannerSheetView.swift in Sources */,
				BC404CB82C9468DE001BA269 /* InfinityCarouselView.swift in Sources */,
				BC4DFDDF2C9E8F81002CDC27 /* TimelineCellDummy.swift in Sources */,
				BC404CAC2C942835001BA269 /* ToolBarNavigationLink.swift in Sources */,
				BC4DFDF02C9EBE61002CDC27 /* Category.swift in Sources */,
			);
			runOnlyForDeploymentPostprocessing = 0;
		};
		BC404BD72C9077FE001BA269 /* Sources */ = {
			isa = PBXSourcesBuildPhase;
			buildActionMask = 2147483647;
			files = (
				BC404BE02C9077FE001BA269 /* Log4DayTests.swift in Sources */,
			);
			runOnlyForDeploymentPostprocessing = 0;
		};
		BC404BE12C9077FE001BA269 /* Sources */ = {
			isa = PBXSourcesBuildPhase;
			buildActionMask = 2147483647;
			files = (
				BC404BEA2C9077FE001BA269 /* Log4DayUITests.swift in Sources */,
				BC404BEC2C9077FE001BA269 /* Log4DayUITestsLaunchTests.swift in Sources */,
			);
			runOnlyForDeploymentPostprocessing = 0;
		};
/* End PBXSourcesBuildPhase section */

/* Begin PBXTargetDependency section */
		BC404BDD2C9077FE001BA269 /* PBXTargetDependency */ = {
			isa = PBXTargetDependency;
			target = BC404BCA2C9077FC001BA269 /* Log4Day */;
			targetProxy = BC404BDC2C9077FE001BA269 /* PBXContainerItemProxy */;
		};
		BC404BE72C9077FE001BA269 /* PBXTargetDependency */ = {
			isa = PBXTargetDependency;
			target = BC404BCA2C9077FC001BA269 /* Log4Day */;
			targetProxy = BC404BE62C9077FE001BA269 /* PBXContainerItemProxy */;
		};
/* End PBXTargetDependency section */

/* Begin XCBuildConfiguration section */
		BC404BED2C9077FE001BA269 /* Debug */ = {
			isa = XCBuildConfiguration;
			buildSettings = {
				ALWAYS_SEARCH_USER_PATHS = NO;
				ASSETCATALOG_COMPILER_GENERATE_SWIFT_ASSET_SYMBOL_EXTENSIONS = YES;
				CLANG_ANALYZER_NONNULL = YES;
				CLANG_ANALYZER_NUMBER_OBJECT_CONVERSION = YES_AGGRESSIVE;
				CLANG_CXX_LANGUAGE_STANDARD = "gnu++20";
				CLANG_ENABLE_MODULES = YES;
				CLANG_ENABLE_OBJC_ARC = YES;
				CLANG_ENABLE_OBJC_WEAK = YES;
				CLANG_WARN_BLOCK_CAPTURE_AUTORELEASING = YES;
				CLANG_WARN_BOOL_CONVERSION = YES;
				CLANG_WARN_COMMA = YES;
				CLANG_WARN_CONSTANT_CONVERSION = YES;
				CLANG_WARN_DEPRECATED_OBJC_IMPLEMENTATIONS = YES;
				CLANG_WARN_DIRECT_OBJC_ISA_USAGE = YES_ERROR;
				CLANG_WARN_DOCUMENTATION_COMMENTS = YES;
				CLANG_WARN_EMPTY_BODY = YES;
				CLANG_WARN_ENUM_CONVERSION = YES;
				CLANG_WARN_INFINITE_RECURSION = YES;
				CLANG_WARN_INT_CONVERSION = YES;
				CLANG_WARN_NON_LITERAL_NULL_CONVERSION = YES;
				CLANG_WARN_OBJC_IMPLICIT_RETAIN_SELF = YES;
				CLANG_WARN_OBJC_LITERAL_CONVERSION = YES;
				CLANG_WARN_OBJC_ROOT_CLASS = YES_ERROR;
				CLANG_WARN_QUOTED_INCLUDE_IN_FRAMEWORK_HEADER = YES;
				CLANG_WARN_RANGE_LOOP_ANALYSIS = YES;
				CLANG_WARN_STRICT_PROTOTYPES = YES;
				CLANG_WARN_SUSPICIOUS_MOVE = YES;
				CLANG_WARN_UNGUARDED_AVAILABILITY = YES_AGGRESSIVE;
				CLANG_WARN_UNREACHABLE_CODE = YES;
				CLANG_WARN__DUPLICATE_METHOD_MATCH = YES;
				COPY_PHASE_STRIP = NO;
				DEBUG_INFORMATION_FORMAT = dwarf;
				ENABLE_STRICT_OBJC_MSGSEND = YES;
				ENABLE_TESTABILITY = YES;
				ENABLE_USER_SCRIPT_SANDBOXING = NO;
				GCC_C_LANGUAGE_STANDARD = gnu17;
				GCC_DYNAMIC_NO_PIC = NO;
				GCC_NO_COMMON_BLOCKS = YES;
				GCC_OPTIMIZATION_LEVEL = 0;
				GCC_PREPROCESSOR_DEFINITIONS = (
					"DEBUG=1",
					"$(inherited)",
				);
				GCC_WARN_64_TO_32_BIT_CONVERSION = YES;
				GCC_WARN_ABOUT_RETURN_TYPE = YES_ERROR;
				GCC_WARN_UNDECLARED_SELECTOR = YES;
				GCC_WARN_UNINITIALIZED_AUTOS = YES_AGGRESSIVE;
				GCC_WARN_UNUSED_FUNCTION = YES;
				GCC_WARN_UNUSED_VARIABLE = YES;
				IPHONEOS_DEPLOYMENT_TARGET = 17.5;
				LOCALIZATION_PREFERS_STRING_CATALOGS = YES;
				MTL_ENABLE_DEBUG_INFO = INCLUDE_SOURCE;
				MTL_FAST_MATH = YES;
				ONLY_ACTIVE_ARCH = YES;
				SDKROOT = iphoneos;
				SWIFT_ACTIVE_COMPILATION_CONDITIONS = "DEBUG $(inherited)";
				SWIFT_OPTIMIZATION_LEVEL = "-Onone";
			};
			name = Debug;
		};
		BC404BEE2C9077FE001BA269 /* Release */ = {
			isa = XCBuildConfiguration;
			buildSettings = {
				ALWAYS_SEARCH_USER_PATHS = NO;
				ASSETCATALOG_COMPILER_GENERATE_SWIFT_ASSET_SYMBOL_EXTENSIONS = YES;
				CLANG_ANALYZER_NONNULL = YES;
				CLANG_ANALYZER_NUMBER_OBJECT_CONVERSION = YES_AGGRESSIVE;
				CLANG_CXX_LANGUAGE_STANDARD = "gnu++20";
				CLANG_ENABLE_MODULES = YES;
				CLANG_ENABLE_OBJC_ARC = YES;
				CLANG_ENABLE_OBJC_WEAK = YES;
				CLANG_WARN_BLOCK_CAPTURE_AUTORELEASING = YES;
				CLANG_WARN_BOOL_CONVERSION = YES;
				CLANG_WARN_COMMA = YES;
				CLANG_WARN_CONSTANT_CONVERSION = YES;
				CLANG_WARN_DEPRECATED_OBJC_IMPLEMENTATIONS = YES;
				CLANG_WARN_DIRECT_OBJC_ISA_USAGE = YES_ERROR;
				CLANG_WARN_DOCUMENTATION_COMMENTS = YES;
				CLANG_WARN_EMPTY_BODY = YES;
				CLANG_WARN_ENUM_CONVERSION = YES;
				CLANG_WARN_INFINITE_RECURSION = YES;
				CLANG_WARN_INT_CONVERSION = YES;
				CLANG_WARN_NON_LITERAL_NULL_CONVERSION = YES;
				CLANG_WARN_OBJC_IMPLICIT_RETAIN_SELF = YES;
				CLANG_WARN_OBJC_LITERAL_CONVERSION = YES;
				CLANG_WARN_OBJC_ROOT_CLASS = YES_ERROR;
				CLANG_WARN_QUOTED_INCLUDE_IN_FRAMEWORK_HEADER = YES;
				CLANG_WARN_RANGE_LOOP_ANALYSIS = YES;
				CLANG_WARN_STRICT_PROTOTYPES = YES;
				CLANG_WARN_SUSPICIOUS_MOVE = YES;
				CLANG_WARN_UNGUARDED_AVAILABILITY = YES_AGGRESSIVE;
				CLANG_WARN_UNREACHABLE_CODE = YES;
				CLANG_WARN__DUPLICATE_METHOD_MATCH = YES;
				COPY_PHASE_STRIP = NO;
				DEBUG_INFORMATION_FORMAT = "dwarf-with-dsym";
				ENABLE_NS_ASSERTIONS = NO;
				ENABLE_STRICT_OBJC_MSGSEND = YES;
				ENABLE_USER_SCRIPT_SANDBOXING = NO;
				GCC_C_LANGUAGE_STANDARD = gnu17;
				GCC_NO_COMMON_BLOCKS = YES;
				GCC_WARN_64_TO_32_BIT_CONVERSION = YES;
				GCC_WARN_ABOUT_RETURN_TYPE = YES_ERROR;
				GCC_WARN_UNDECLARED_SELECTOR = YES;
				GCC_WARN_UNINITIALIZED_AUTOS = YES_AGGRESSIVE;
				GCC_WARN_UNUSED_FUNCTION = YES;
				GCC_WARN_UNUSED_VARIABLE = YES;
				IPHONEOS_DEPLOYMENT_TARGET = 17.5;
				LOCALIZATION_PREFERS_STRING_CATALOGS = YES;
				MTL_ENABLE_DEBUG_INFO = NO;
				MTL_FAST_MATH = YES;
				SDKROOT = iphoneos;
				SWIFT_COMPILATION_MODE = wholemodule;
				VALIDATE_PRODUCT = YES;
			};
			name = Release;
		};
		BC404BF02C9077FE001BA269 /* Debug */ = {
			isa = XCBuildConfiguration;
			baseConfigurationReference = 901FDFED920330761A94464C /* Pods-Log4Day.debug.xcconfig */;
			buildSettings = {
				ASSETCATALOG_COMPILER_APPICON_NAME = AppIcon;
				ASSETCATALOG_COMPILER_GLOBAL_ACCENT_COLOR_NAME = AccentColor;
				CODE_SIGN_STYLE = Automatic;
				CURRENT_PROJECT_VERSION = 1;
				DEVELOPMENT_ASSET_PATHS = "\"Log4Day/Preview Content\"";
				DEVELOPMENT_TEAM = F8FT97JYZT;
				ENABLE_PREVIEWS = YES;
				GENERATE_INFOPLIST_FILE = YES;
				INFOPLIST_FILE = Log4Day/Info.plist;
				INFOPLIST_KEY_UIApplicationSceneManifest_Generation = YES;
				INFOPLIST_KEY_UIApplicationSupportsIndirectInputEvents = YES;
				INFOPLIST_KEY_UILaunchScreen_Generation = YES;
				INFOPLIST_KEY_UISupportedInterfaceOrientations = UIInterfaceOrientationPortrait;
				IPHONEOS_DEPLOYMENT_TARGET = 15.0;
				LD_RUNPATH_SEARCH_PATHS = (
					"$(inherited)",
					"@executable_path/Frameworks",
				);
				MARKETING_VERSION = 1.0;
				PRODUCT_BUNDLE_IDENTIFIER = com.tunastorm.Log4Day;
				PRODUCT_NAME = "$(TARGET_NAME)";
				SUPPORTED_PLATFORMS = "iphoneos iphonesimulator";
				SUPPORTS_MACCATALYST = NO;
				SUPPORTS_MAC_DESIGNED_FOR_IPHONE_IPAD = NO;
				SUPPORTS_XR_DESIGNED_FOR_IPHONE_IPAD = NO;
				SWIFT_EMIT_LOC_STRINGS = YES;
				SWIFT_VERSION = 5.0;
				TARGETED_DEVICE_FAMILY = 1;
			};
			name = Debug;
		};
		BC404BF12C9077FE001BA269 /* Release */ = {
			isa = XCBuildConfiguration;
			baseConfigurationReference = A9A88417ACBED645893DA685 /* Pods-Log4Day.release.xcconfig */;
			buildSettings = {
				ASSETCATALOG_COMPILER_APPICON_NAME = AppIcon;
				ASSETCATALOG_COMPILER_GLOBAL_ACCENT_COLOR_NAME = AccentColor;
				CODE_SIGN_STYLE = Automatic;
				CURRENT_PROJECT_VERSION = 1;
				DEVELOPMENT_ASSET_PATHS = "\"Log4Day/Preview Content\"";
				DEVELOPMENT_TEAM = F8FT97JYZT;
				ENABLE_PREVIEWS = YES;
				GENERATE_INFOPLIST_FILE = YES;
				INFOPLIST_FILE = Log4Day/Info.plist;
				INFOPLIST_KEY_UIApplicationSceneManifest_Generation = YES;
				INFOPLIST_KEY_UIApplicationSupportsIndirectInputEvents = YES;
				INFOPLIST_KEY_UILaunchScreen_Generation = YES;
				INFOPLIST_KEY_UISupportedInterfaceOrientations = UIInterfaceOrientationPortrait;
				IPHONEOS_DEPLOYMENT_TARGET = 15.0;
				LD_RUNPATH_SEARCH_PATHS = (
					"$(inherited)",
					"@executable_path/Frameworks",
				);
				MARKETING_VERSION = 1.0;
				PRODUCT_BUNDLE_IDENTIFIER = com.tunastorm.Log4Day;
				PRODUCT_NAME = "$(TARGET_NAME)";
				SUPPORTED_PLATFORMS = "iphoneos iphonesimulator";
				SUPPORTS_MACCATALYST = NO;
				SUPPORTS_MAC_DESIGNED_FOR_IPHONE_IPAD = NO;
				SUPPORTS_XR_DESIGNED_FOR_IPHONE_IPAD = NO;
				SWIFT_EMIT_LOC_STRINGS = YES;
				SWIFT_VERSION = 5.0;
				TARGETED_DEVICE_FAMILY = 1;
			};
			name = Release;
		};
		BC404BF32C9077FE001BA269 /* Debug */ = {
			isa = XCBuildConfiguration;
			baseConfigurationReference = 8A70DFB0E03C294DFDC72B19 /* Pods-Log4DayTests.debug.xcconfig */;
			buildSettings = {
				ALWAYS_EMBED_SWIFT_STANDARD_LIBRARIES = YES;
				BUNDLE_LOADER = "$(TEST_HOST)";
				CODE_SIGN_STYLE = Automatic;
				CURRENT_PROJECT_VERSION = 1;
				DEVELOPMENT_TEAM = F8FT97JYZT;
				GENERATE_INFOPLIST_FILE = YES;
				IPHONEOS_DEPLOYMENT_TARGET = 17.5;
				MARKETING_VERSION = 1.0;
				PRODUCT_BUNDLE_IDENTIFIER = tunastorm.com.Log4DayTests;
				PRODUCT_NAME = "$(TARGET_NAME)";
				SWIFT_EMIT_LOC_STRINGS = NO;
				SWIFT_VERSION = 5.0;
				TARGETED_DEVICE_FAMILY = "1,2";
				TEST_HOST = "$(BUILT_PRODUCTS_DIR)/Log4Day.app/$(BUNDLE_EXECUTABLE_FOLDER_PATH)/Log4Day";
			};
			name = Debug;
		};
		BC404BF42C9077FE001BA269 /* Release */ = {
			isa = XCBuildConfiguration;
			baseConfigurationReference = C857C968335CB304B42A9046 /* Pods-Log4DayTests.release.xcconfig */;
			buildSettings = {
				ALWAYS_EMBED_SWIFT_STANDARD_LIBRARIES = YES;
				BUNDLE_LOADER = "$(TEST_HOST)";
				CODE_SIGN_STYLE = Automatic;
				CURRENT_PROJECT_VERSION = 1;
				DEVELOPMENT_TEAM = F8FT97JYZT;
				GENERATE_INFOPLIST_FILE = YES;
				IPHONEOS_DEPLOYMENT_TARGET = 17.5;
				MARKETING_VERSION = 1.0;
				PRODUCT_BUNDLE_IDENTIFIER = tunastorm.com.Log4DayTests;
				PRODUCT_NAME = "$(TARGET_NAME)";
				SWIFT_EMIT_LOC_STRINGS = NO;
				SWIFT_VERSION = 5.0;
				TARGETED_DEVICE_FAMILY = "1,2";
				TEST_HOST = "$(BUILT_PRODUCTS_DIR)/Log4Day.app/$(BUNDLE_EXECUTABLE_FOLDER_PATH)/Log4Day";
			};
			name = Release;
		};
		BC404BF62C9077FE001BA269 /* Debug */ = {
			isa = XCBuildConfiguration;
			baseConfigurationReference = 15226E134356A9F356454BB0 /* Pods-Log4Day-Log4DayUITests.debug.xcconfig */;
			buildSettings = {
				ALWAYS_EMBED_SWIFT_STANDARD_LIBRARIES = YES;
				CODE_SIGN_STYLE = Automatic;
				CURRENT_PROJECT_VERSION = 1;
				DEVELOPMENT_TEAM = F8FT97JYZT;
				GENERATE_INFOPLIST_FILE = YES;
				MARKETING_VERSION = 1.0;
				PRODUCT_BUNDLE_IDENTIFIER = tunastorm.com.Log4DayUITests;
				PRODUCT_NAME = "$(TARGET_NAME)";
				SWIFT_EMIT_LOC_STRINGS = NO;
				SWIFT_VERSION = 5.0;
				TARGETED_DEVICE_FAMILY = "1,2";
				TEST_TARGET_NAME = Log4Day;
			};
			name = Debug;
		};
		BC404BF72C9077FE001BA269 /* Release */ = {
			isa = XCBuildConfiguration;
			baseConfigurationReference = 28E7C7624EE4AEF89F1D13EE /* Pods-Log4Day-Log4DayUITests.release.xcconfig */;
			buildSettings = {
				ALWAYS_EMBED_SWIFT_STANDARD_LIBRARIES = YES;
				CODE_SIGN_STYLE = Automatic;
				CURRENT_PROJECT_VERSION = 1;
				DEVELOPMENT_TEAM = F8FT97JYZT;
				GENERATE_INFOPLIST_FILE = YES;
				MARKETING_VERSION = 1.0;
				PRODUCT_BUNDLE_IDENTIFIER = tunastorm.com.Log4DayUITests;
				PRODUCT_NAME = "$(TARGET_NAME)";
				SWIFT_EMIT_LOC_STRINGS = NO;
				SWIFT_VERSION = 5.0;
				TARGETED_DEVICE_FAMILY = "1,2";
				TEST_TARGET_NAME = Log4Day;
			};
			name = Release;
		};
/* End XCBuildConfiguration section */

/* Begin XCConfigurationList section */
		BC404BC62C9077FC001BA269 /* Build configuration list for PBXProject "Log4Day" */ = {
			isa = XCConfigurationList;
			buildConfigurations = (
				BC404BED2C9077FE001BA269 /* Debug */,
				BC404BEE2C9077FE001BA269 /* Release */,
			);
			defaultConfigurationIsVisible = 0;
			defaultConfigurationName = Release;
		};
		BC404BEF2C9077FE001BA269 /* Build configuration list for PBXNativeTarget "Log4Day" */ = {
			isa = XCConfigurationList;
			buildConfigurations = (
				BC404BF02C9077FE001BA269 /* Debug */,
				BC404BF12C9077FE001BA269 /* Release */,
			);
			defaultConfigurationIsVisible = 0;
			defaultConfigurationName = Release;
		};
		BC404BF22C9077FE001BA269 /* Build configuration list for PBXNativeTarget "Log4DayTests" */ = {
			isa = XCConfigurationList;
			buildConfigurations = (
				BC404BF32C9077FE001BA269 /* Debug */,
				BC404BF42C9077FE001BA269 /* Release */,
			);
			defaultConfigurationIsVisible = 0;
			defaultConfigurationName = Release;
		};
		BC404BF52C9077FE001BA269 /* Build configuration list for PBXNativeTarget "Log4DayUITests" */ = {
			isa = XCConfigurationList;
			buildConfigurations = (
				BC404BF62C9077FE001BA269 /* Debug */,
				BC404BF72C9077FE001BA269 /* Release */,
			);
			defaultConfigurationIsVisible = 0;
			defaultConfigurationName = Release;
		};
/* End XCConfigurationList section */

/* Begin XCRemoteSwiftPackageReference section */
		BC4DFDCC2C9D6105002CDC27 /* XCRemoteSwiftPackageReference "realm-swift" */ = {
			isa = XCRemoteSwiftPackageReference;
			repositoryURL = "https://github.com/realm/realm-swift.git";
			requirement = {
				branch = master;
				kind = branch;
			};
		};
		BC4DFDD12C9D64F5002CDC27 /* XCRemoteSwiftPackageReference "SwiftUIX" */ = {
			isa = XCRemoteSwiftPackageReference;
			repositoryURL = "https://github.com/SwiftUIX/SwiftUIX.git";
			requirement = {
				kind = upToNextMajorVersion;
				minimumVersion = 0.2.2;
			};
		};
/* End XCRemoteSwiftPackageReference section */

/* Begin XCSwiftPackageProductDependency section */
		BC4DFDCD2C9D6105002CDC27 /* RealmSwift */ = {
			isa = XCSwiftPackageProductDependency;
			package = BC4DFDCC2C9D6105002CDC27 /* XCRemoteSwiftPackageReference "realm-swift" */;
			productName = RealmSwift;
		};
		BC4DFDD22C9D64F5002CDC27 /* SwiftUIX */ = {
			isa = XCSwiftPackageProductDependency;
			package = BC4DFDD12C9D64F5002CDC27 /* XCRemoteSwiftPackageReference "SwiftUIX" */;
			productName = SwiftUIX;
		};
/* End XCSwiftPackageProductDependency section */
	};
	rootObject = BC404BC32C9077FC001BA269 /* Project object */;
}
