// !$*UTF8*$!
{
	archiveVersion = 1;
	classes = {
	};
	objectVersion = 56;
	objects = {

/* Begin PBXBuildFile section */
		BC404BCF2C9077FC001BA269 /* Log4DayApp.swift in Sources */ = {isa = PBXBuildFile; fileRef = BC404BCE2C9077FC001BA269 /* Log4DayApp.swift */; };
		BC404BD12C9077FC001BA269 /* RootView.swift in Sources */ = {isa = PBXBuildFile; fileRef = BC404BD02C9077FC001BA269 /* RootView.swift */; };
		BC404BD32C9077FD001BA269 /* Assets.xcassets in Resources */ = {isa = PBXBuildFile; fileRef = BC404BD22C9077FD001BA269 /* Assets.xcassets */; };
		BC404BD62C9077FD001BA269 /* Preview Assets.xcassets in Resources */ = {isa = PBXBuildFile; fileRef = BC404BD52C9077FD001BA269 /* Preview Assets.xcassets */; };
		BC404BE02C9077FE001BA269 /* Log4DayTests.swift in Sources */ = {isa = PBXBuildFile; fileRef = BC404BDF2C9077FE001BA269 /* Log4DayTests.swift */; };
		BC404BEA2C9077FE001BA269 /* Log4DayUITests.swift in Sources */ = {isa = PBXBuildFile; fileRef = BC404BE92C9077FE001BA269 /* Log4DayUITests.swift */; };
		BC404BEC2C9077FE001BA269 /* Log4DayUITestsLaunchTests.swift in Sources */ = {isa = PBXBuildFile; fileRef = BC404BEB2C9077FE001BA269 /* Log4DayUITestsLaunchTests.swift */; };
		BC404C762C93E1BF001BA269 /* PhotoLogView.swift in Sources */ = {isa = PBXBuildFile; fileRef = BC404C752C93E1BF001BA269 /* PhotoLogView.swift */; };
		BC404C782C93E1EF001BA269 /* PlannerView.swift in Sources */ = {isa = PBXBuildFile; fileRef = BC404C772C93E1EF001BA269 /* PlannerView.swift */; };
		BC404C7A2C93E1F9001BA269 /* LoglineView.swift in Sources */ = {isa = PBXBuildFile; fileRef = BC404C792C93E1F9001BA269 /* LoglineView.swift */; };
		BC404C7D2C93F04D001BA269 /* NavigationWrapper.swift in Sources */ = {isa = PBXBuildFile; fileRef = BC404C7C2C93F04D001BA269 /* NavigationWrapper.swift */; };
		BC404C852C93F9D3001BA269 /* .gitignore in Resources */ = {isa = PBXBuildFile; fileRef = BC404C842C93F9D3001BA269 /* .gitignore */; };
		BC404C872C93FE70001BA269 /* APIKey.swift in Sources */ = {isa = PBXBuildFile; fileRef = BC404C862C93FE70001BA269 /* APIKey.swift */; };
		BC404C892C93FEA4001BA269 /* APIConstants.swift in Sources */ = {isa = PBXBuildFile; fileRef = BC404C882C93FEA4001BA269 /* APIConstants.swift */; };
/* End PBXBuildFile section */

/* Begin PBXContainerItemProxy section */
		BC404BDC2C9077FE001BA269 /* PBXContainerItemProxy */ = {
			isa = PBXContainerItemProxy;
			containerPortal = BC404BC32C9077FC001BA269 /* Project object */;
			proxyType = 1;
			remoteGlobalIDString = BC404BCA2C9077FC001BA269;
			remoteInfo = Log4Day;
		};
		BC404BE62C9077FE001BA269 /* PBXContainerItemProxy */ = {
			isa = PBXContainerItemProxy;
			containerPortal = BC404BC32C9077FC001BA269 /* Project object */;
			proxyType = 1;
			remoteGlobalIDString = BC404BCA2C9077FC001BA269;
			remoteInfo = Log4Day;
		};
/* End PBXContainerItemProxy section */

/* Begin PBXFileReference section */
		BC404BCB2C9077FC001BA269 /* Log4Day.app */ = {isa = PBXFileReference; explicitFileType = wrapper.application; includeInIndex = 0; path = Log4Day.app; sourceTree = BUILT_PRODUCTS_DIR; };
		BC404BCE2C9077FC001BA269 /* Log4DayApp.swift */ = {isa = PBXFileReference; lastKnownFileType = sourcecode.swift; path = Log4DayApp.swift; sourceTree = "<group>"; };
		BC404BD02C9077FC001BA269 /* RootView.swift */ = {isa = PBXFileReference; lastKnownFileType = sourcecode.swift; path = RootView.swift; sourceTree = "<group>"; };
		BC404BD22C9077FD001BA269 /* Assets.xcassets */ = {isa = PBXFileReference; lastKnownFileType = folder.assetcatalog; path = Assets.xcassets; sourceTree = "<group>"; };
		BC404BD52C9077FD001BA269 /* Preview Assets.xcassets */ = {isa = PBXFileReference; lastKnownFileType = folder.assetcatalog; path = "Preview Assets.xcassets"; sourceTree = "<group>"; };
		BC404BDB2C9077FE001BA269 /* Log4DayTests.xctest */ = {isa = PBXFileReference; explicitFileType = wrapper.cfbundle; includeInIndex = 0; path = Log4DayTests.xctest; sourceTree = BUILT_PRODUCTS_DIR; };
		BC404BDF2C9077FE001BA269 /* Log4DayTests.swift */ = {isa = PBXFileReference; lastKnownFileType = sourcecode.swift; path = Log4DayTests.swift; sourceTree = "<group>"; };
		BC404BE52C9077FE001BA269 /* Log4DayUITests.xctest */ = {isa = PBXFileReference; explicitFileType = wrapper.cfbundle; includeInIndex = 0; path = Log4DayUITests.xctest; sourceTree = BUILT_PRODUCTS_DIR; };
		BC404BE92C9077FE001BA269 /* Log4DayUITests.swift */ = {isa = PBXFileReference; lastKnownFileType = sourcecode.swift; path = Log4DayUITests.swift; sourceTree = "<group>"; };
		BC404BEB2C9077FE001BA269 /* Log4DayUITestsLaunchTests.swift */ = {isa = PBXFileReference; lastKnownFileType = sourcecode.swift; path = Log4DayUITestsLaunchTests.swift; sourceTree = "<group>"; };
		BC404C752C93E1BF001BA269 /* PhotoLogView.swift */ = {isa = PBXFileReference; lastKnownFileType = sourcecode.swift; path = PhotoLogView.swift; sourceTree = "<group>"; };
		BC404C772C93E1EF001BA269 /* PlannerView.swift */ = {isa = PBXFileReference; lastKnownFileType = sourcecode.swift; path = PlannerView.swift; sourceTree = "<group>"; };
		BC404C792C93E1F9001BA269 /* LoglineView.swift */ = {isa = PBXFileReference; lastKnownFileType = sourcecode.swift; path = LoglineView.swift; sourceTree = "<group>"; };
		BC404C7C2C93F04D001BA269 /* NavigationWrapper.swift */ = {isa = PBXFileReference; lastKnownFileType = sourcecode.swift; path = NavigationWrapper.swift; sourceTree = "<group>"; };
		BC404C842C93F9D3001BA269 /* .gitignore */ = {isa = PBXFileReference; lastKnownFileType = text; path = .gitignore; sourceTree = "<group>"; };
		BC404C862C93FE70001BA269 /* APIKey.swift */ = {isa = PBXFileReference; lastKnownFileType = sourcecode.swift; path = APIKey.swift; sourceTree = "<group>"; };
		BC404C882C93FEA4001BA269 /* APIConstants.swift */ = {isa = PBXFileReference; lastKnownFileType = sourcecode.swift; path = APIConstants.swift; sourceTree = "<group>"; };
/* End PBXFileReference section */

/* Begin PBXFrameworksBuildPhase section */
		BC404BC82C9077FC001BA269 /* Frameworks */ = {
			isa = PBXFrameworksBuildPhase;
			buildActionMask = 2147483647;
			files = (
			);
			runOnlyForDeploymentPostprocessing = 0;
		};
		BC404BD82C9077FE001BA269 /* Frameworks */ = {
			isa = PBXFrameworksBuildPhase;
			buildActionMask = 2147483647;
			files = (
			);
			runOnlyForDeploymentPostprocessing = 0;
		};
		BC404BE22C9077FE001BA269 /* Frameworks */ = {
			isa = PBXFrameworksBuildPhase;
			buildActionMask = 2147483647;
			files = (
			);
			runOnlyForDeploymentPostprocessing = 0;
		};
/* End PBXFrameworksBuildPhase section */

/* Begin PBXGroup section */
		BC404BC22C9077FC001BA269 = {
			isa = PBXGroup;
			children = (
				BC404C842C93F9D3001BA269 /* .gitignore */,
				BC404BCD2C9077FC001BA269 /* Log4Day */,
				BC404BDE2C9077FE001BA269 /* Log4DayTests */,
				BC404BE82C9077FE001BA269 /* Log4DayUITests */,
				BC404BCC2C9077FC001BA269 /* Products */,
			);
			sourceTree = "<group>";
		};
		BC404BCC2C9077FC001BA269 /* Products */ = {
			isa = PBXGroup;
			children = (
				BC404BCB2C9077FC001BA269 /* Log4Day.app */,
				BC404BDB2C9077FE001BA269 /* Log4DayTests.xctest */,
				BC404BE52C9077FE001BA269 /* Log4DayUITests.xctest */,
			);
			name = Products;
			sourceTree = "<group>";
		};
		BC404BCD2C9077FC001BA269 /* Log4Day */ = {
			isa = PBXGroup;
			children = (
				BC404C802C93F993001BA269 /* Storage */,
				BC404C7E2C93F96D001BA269 /* Network */,
				BC404C742C93E151001BA269 /* Presenter */,
				BC404BD42C9077FD001BA269 /* Preview Content */,
			);
			path = Log4Day;
			sourceTree = "<group>";
		};
		BC404BD42C9077FD001BA269 /* Preview Content */ = {
			isa = PBXGroup;
			children = (
				BC404BD52C9077FD001BA269 /* Preview Assets.xcassets */,
			);
			path = "Preview Content";
			sourceTree = "<group>";
		};
		BC404BDE2C9077FE001BA269 /* Log4DayTests */ = {
			isa = PBXGroup;
			children = (
				BC404BDF2C9077FE001BA269 /* Log4DayTests.swift */,
			);
			path = Log4DayTests;
			sourceTree = "<group>";
		};
		BC404BE82C9077FE001BA269 /* Log4DayUITests */ = {
			isa = PBXGroup;
			children = (
				BC404BE92C9077FE001BA269 /* Log4DayUITests.swift */,
				BC404BEB2C9077FE001BA269 /* Log4DayUITestsLaunchTests.swift */,
			);
			path = Log4DayUITests;
			sourceTree = "<group>";
		};
		BC404C712C93E132001BA269 /* PhotoLog */ = {
			isa = PBXGroup;
			children = (
				BC404C752C93E1BF001BA269 /* PhotoLogView.swift */,
			);
			path = PhotoLog;
			sourceTree = "<group>";
		};
		BC404C722C93E144001BA269 /* Planner */ = {
			isa = PBXGroup;
			children = (
				BC404C772C93E1EF001BA269 /* PlannerView.swift */,
			);
			path = Planner;
			sourceTree = "<group>";
		};
		BC404C732C93E14B001BA269 /* Logline */ = {
			isa = PBXGroup;
			children = (
				BC404C792C93E1F9001BA269 /* LoglineView.swift */,
			);
			path = Logline;
			sourceTree = "<group>";
		};
		BC404C742C93E151001BA269 /* Presenter */ = {
			isa = PBXGroup;
			children = (
				BC404BCE2C9077FC001BA269 /* Log4DayApp.swift */,
				BC404BD02C9077FC001BA269 /* RootView.swift */,
				BC404C7F2C93F974001BA269 /* Resource */,
				BC404C7B2C93F03D001BA269 /* Common */,
				BC404C712C93E132001BA269 /* PhotoLog */,
				BC404C722C93E144001BA269 /* Planner */,
				BC404C732C93E14B001BA269 /* Logline */,
			);
			path = Presenter;
			sourceTree = "<group>";
		};
		BC404C7B2C93F03D001BA269 /* Common */ = {
			isa = PBXGroup;
			children = (
				BC404C7C2C93F04D001BA269 /* NavigationWrapper.swift */,
			);
			path = Common;
			sourceTree = "<group>";
		};
		BC404C7E2C93F96D001BA269 /* Network */ = {
			isa = PBXGroup;
			children = (
				BC404C822C93F9A3001BA269 /* Resource */,
				BC404C812C93F99C001BA269 /* Model */,
				BC404C832C93F9A9001BA269 /* Router */,
			);
			path = Network;
			sourceTree = "<group>";
		};
		BC404C7F2C93F974001BA269 /* Resource */ = {
			isa = PBXGroup;
			children = (
				BC404BD22C9077FD001BA269 /* Assets.xcassets */,
			);
			path = Resource;
			sourceTree = "<group>";
		};
		BC404C802C93F993001BA269 /* Storage */ = {
			isa = PBXGroup;
			children = (
			);
			path = Storage;
			sourceTree = "<group>";
		};
		BC404C812C93F99C001BA269 /* Model */ = {
			isa = PBXGroup;
			children = (
			);
			path = Model;
			sourceTree = "<group>";
		};
		BC404C822C93F9A3001BA269 /* Resource */ = {
			isa = PBXGroup;
			children = (
				BC404C862C93FE70001BA269 /* APIKey.swift */,
				BC404C882C93FEA4001BA269 /* APIConstants.swift */,
			);
			path = Resource;
			sourceTree = "<group>";
		};
		BC404C832C93F9A9001BA269 /* Router */ = {
			isa = PBXGroup;
			children = (
			);
			path = Router;
			sourceTree = "<group>";
		};
/* End PBXGroup section */

/* Begin PBXNativeTarget section */
		BC404BCA2C9077FC001BA269 /* Log4Day */ = {
			isa = PBXNativeTarget;
			buildConfigurationList = BC404BEF2C9077FE001BA269 /* Build configuration list for PBXNativeTarget "Log4Day" */;
			buildPhases = (
				BC404BC72C9077FC001BA269 /* Sources */,
				BC404BC82C9077FC001BA269 /* Frameworks */,
				BC404BC92C9077FC001BA269 /* Resources */,
			);
			buildRules = (
			);
			dependencies = (
			);
			name = Log4Day;
			productName = Log4Day;
			productReference = BC404BCB2C9077FC001BA269 /* Log4Day.app */;
			productType = "com.apple.product-type.application";
		};
		BC404BDA2C9077FE001BA269 /* Log4DayTests */ = {
			isa = PBXNativeTarget;
			buildConfigurationList = BC404BF22C9077FE001BA269 /* Build configuration list for PBXNativeTarget "Log4DayTests" */;
			buildPhases = (
				BC404BD72C9077FE001BA269 /* Sources */,
				BC404BD82C9077FE001BA269 /* Frameworks */,
				BC404BD92C9077FE001BA269 /* Resources */,
			);
			buildRules = (
			);
			dependencies = (
				BC404BDD2C9077FE001BA269 /* PBXTargetDependency */,
			);
			name = Log4DayTests;
			productName = Log4DayTests;
			productReference = BC404BDB2C9077FE001BA269 /* Log4DayTests.xctest */;
			productType = "com.apple.product-type.bundle.unit-test";
		};
		BC404BE42C9077FE001BA269 /* Log4DayUITests */ = {
			isa = PBXNativeTarget;
			buildConfigurationList = BC404BF52C9077FE001BA269 /* Build configuration list for PBXNativeTarget "Log4DayUITests" */;
			buildPhases = (
				BC404BE12C9077FE001BA269 /* Sources */,
				BC404BE22C9077FE001BA269 /* Frameworks */,
				BC404BE32C9077FE001BA269 /* Resources */,
			);
			buildRules = (
			);
			dependencies = (
				BC404BE72C9077FE001BA269 /* PBXTargetDependency */,
			);
			name = Log4DayUITests;
			productName = Log4DayUITests;
			productReference = BC404BE52C9077FE001BA269 /* Log4DayUITests.xctest */;
			productType = "com.apple.product-type.bundle.ui-testing";
		};
/* End PBXNativeTarget section */

/* Begin PBXProject section */
		BC404BC32C9077FC001BA269 /* Project object */ = {
			isa = PBXProject;
			attributes = {
				BuildIndependentTargetsInParallel = 1;
				LastSwiftUpdateCheck = 1540;
				LastUpgradeCheck = 1540;
				TargetAttributes = {
					BC404BCA2C9077FC001BA269 = {
						CreatedOnToolsVersion = 15.4;
					};
					BC404BDA2C9077FE001BA269 = {
						CreatedOnToolsVersion = 15.4;
						TestTargetID = BC404BCA2C9077FC001BA269;
					};
					BC404BE42C9077FE001BA269 = {
						CreatedOnToolsVersion = 15.4;
						TestTargetID = BC404BCA2C9077FC001BA269;
					};
				};
			};
			buildConfigurationList = BC404BC62C9077FC001BA269 /* Build configuration list for PBXProject "Log4Day" */;
			compatibilityVersion = "Xcode 14.0";
			developmentRegion = en;
			hasScannedForEncodings = 0;
			knownRegions = (
				en,
				Base,
			);
			mainGroup = BC404BC22C9077FC001BA269;
			productRefGroup = BC404BCC2C9077FC001BA269 /* Products */;
			projectDirPath = "";
			projectRoot = "";
			targets = (
				BC404BCA2C9077FC001BA269 /* Log4Day */,
				BC404BDA2C9077FE001BA269 /* Log4DayTests */,
				BC404BE42C9077FE001BA269 /* Log4DayUITests */,
			);
		};
/* End PBXProject section */

/* Begin PBXResourcesBuildPhase section */
		BC404BC92C9077FC001BA269 /* Resources */ = {
			isa = PBXResourcesBuildPhase;
			buildActionMask = 2147483647;
			files = (
				BC404BD62C9077FD001BA269 /* Preview Assets.xcassets in Resources */,
				BC404C852C93F9D3001BA269 /* .gitignore in Resources */,
				BC404BD32C9077FD001BA269 /* Assets.xcassets in Resources */,
			);
			runOnlyForDeploymentPostprocessing = 0;
		};
		BC404BD92C9077FE001BA269 /* Resources */ = {
			isa = PBXResourcesBuildPhase;
			buildActionMask = 2147483647;
			files = (
			);
			runOnlyForDeploymentPostprocessing = 0;
		};
		BC404BE32C9077FE001BA269 /* Resources */ = {
			isa = PBXResourcesBuildPhase;
			buildActionMask = 2147483647;
			files = (
			);
			runOnlyForDeploymentPostprocessing = 0;
		};
/* End PBXResourcesBuildPhase section */

/* Begin PBXSourcesBuildPhase section */
		BC404BC72C9077FC001BA269 /* Sources */ = {
			isa = PBXSourcesBuildPhase;
			buildActionMask = 2147483647;
			files = (
				BC404C7A2C93E1F9001BA269 /* LoglineView.swift in Sources */,
				BC404C872C93FE70001BA269 /* APIKey.swift in Sources */,
				BC404BD12C9077FC001BA269 /* RootView.swift in Sources */,
				BC404C7D2C93F04D001BA269 /* NavigationWrapper.swift in Sources */,
				BC404C892C93FEA4001BA269 /* APIConstants.swift in Sources */,
				BC404BCF2C9077FC001BA269 /* Log4DayApp.swift in Sources */,
				BC404C762C93E1BF001BA269 /* PhotoLogView.swift in Sources */,
				BC404C782C93E1EF001BA269 /* PlannerView.swift in Sources */,
			);
			runOnlyForDeploymentPostprocessing = 0;
		};
		BC404BD72C9077FE001BA269 /* Sources */ = {
			isa = PBXSourcesBuildPhase;
			buildActionMask = 2147483647;
			files = (
				BC404BE02C9077FE001BA269 /* Log4DayTests.swift in Sources */,
			);
			runOnlyForDeploymentPostprocessing = 0;
		};
		BC404BE12C9077FE001BA269 /* Sources */ = {
			isa = PBXSourcesBuildPhase;
			buildActionMask = 2147483647;
			files = (
				BC404BEA2C9077FE001BA269 /* Log4DayUITests.swift in Sources */,
				BC404BEC2C9077FE001BA269 /* Log4DayUITestsLaunchTests.swift in Sources */,
			);
			runOnlyForDeploymentPostprocessing = 0;
		};
/* End PBXSourcesBuildPhase section */

/* Begin PBXTargetDependency section */
		BC404BDD2C9077FE001BA269 /* PBXTargetDependency */ = {
			isa = PBXTargetDependency;
			target = BC404BCA2C9077FC001BA269 /* Log4Day */;
			targetProxy = BC404BDC2C9077FE001BA269 /* PBXContainerItemProxy */;
		};
		BC404BE72C9077FE001BA269 /* PBXTargetDependency */ = {
			isa = PBXTargetDependency;
			target = BC404BCA2C9077FC001BA269 /* Log4Day */;
			targetProxy = BC404BE62C9077FE001BA269 /* PBXContainerItemProxy */;
		};
/* End PBXTargetDependency section */

/* Begin XCBuildConfiguration section */
		BC404BED2C9077FE001BA269 /* Debug */ = {
			isa = XCBuildConfiguration;
			buildSettings = {
				ALWAYS_SEARCH_USER_PATHS = NO;
				ASSETCATALOG_COMPILER_GENERATE_SWIFT_ASSET_SYMBOL_EXTENSIONS = YES;
				CLANG_ANALYZER_NONNULL = YES;
				CLANG_ANALYZER_NUMBER_OBJECT_CONVERSION = YES_AGGRESSIVE;
				CLANG_CXX_LANGUAGE_STANDARD = "gnu++20";
				CLANG_ENABLE_MODULES = YES;
				CLANG_ENABLE_OBJC_ARC = YES;
				CLANG_ENABLE_OBJC_WEAK = YES;
				CLANG_WARN_BLOCK_CAPTURE_AUTORELEASING = YES;
				CLANG_WARN_BOOL_CONVERSION = YES;
				CLANG_WARN_COMMA = YES;
				CLANG_WARN_CONSTANT_CONVERSION = YES;
				CLANG_WARN_DEPRECATED_OBJC_IMPLEMENTATIONS = YES;
				CLANG_WARN_DIRECT_OBJC_ISA_USAGE = YES_ERROR;
				CLANG_WARN_DOCUMENTATION_COMMENTS = YES;
				CLANG_WARN_EMPTY_BODY = YES;
				CLANG_WARN_ENUM_CONVERSION = YES;
				CLANG_WARN_INFINITE_RECURSION = YES;
				CLANG_WARN_INT_CONVERSION = YES;
				CLANG_WARN_NON_LITERAL_NULL_CONVERSION = YES;
				CLANG_WARN_OBJC_IMPLICIT_RETAIN_SELF = YES;
				CLANG_WARN_OBJC_LITERAL_CONVERSION = YES;
				CLANG_WARN_OBJC_ROOT_CLASS = YES_ERROR;
				CLANG_WARN_QUOTED_INCLUDE_IN_FRAMEWORK_HEADER = YES;
				CLANG_WARN_RANGE_LOOP_ANALYSIS = YES;
				CLANG_WARN_STRICT_PROTOTYPES = YES;
				CLANG_WARN_SUSPICIOUS_MOVE = YES;
				CLANG_WARN_UNGUARDED_AVAILABILITY = YES_AGGRESSIVE;
				CLANG_WARN_UNREACHABLE_CODE = YES;
				CLANG_WARN__DUPLICATE_METHOD_MATCH = YES;
				COPY_PHASE_STRIP = NO;
				DEBUG_INFORMATION_FORMAT = dwarf;
				ENABLE_STRICT_OBJC_MSGSEND = YES;
				ENABLE_TESTABILITY = YES;
				ENABLE_USER_SCRIPT_SANDBOXING = YES;
				GCC_C_LANGUAGE_STANDARD = gnu17;
				GCC_DYNAMIC_NO_PIC = NO;
				GCC_NO_COMMON_BLOCKS = YES;
				GCC_OPTIMIZATION_LEVEL = 0;
				GCC_PREPROCESSOR_DEFINITIONS = (
					"DEBUG=1",
					"$(inherited)",
				);
				GCC_WARN_64_TO_32_BIT_CONVERSION = YES;
				GCC_WARN_ABOUT_RETURN_TYPE = YES_ERROR;
				GCC_WARN_UNDECLARED_SELECTOR = YES;
				GCC_WARN_UNINITIALIZED_AUTOS = YES_AGGRESSIVE;
				GCC_WARN_UNUSED_FUNCTION = YES;
				GCC_WARN_UNUSED_VARIABLE = YES;
				IPHONEOS_DEPLOYMENT_TARGET = 17.5;
				LOCALIZATION_PREFERS_STRING_CATALOGS = YES;
				MTL_ENABLE_DEBUG_INFO = INCLUDE_SOURCE;
				MTL_FAST_MATH = YES;
				ONLY_ACTIVE_ARCH = YES;
				SDKROOT = iphoneos;
				SWIFT_ACTIVE_COMPILATION_CONDITIONS = "DEBUG $(inherited)";
				SWIFT_OPTIMIZATION_LEVEL = "-Onone";
			};
			name = Debug;
		};
		BC404BEE2C9077FE001BA269 /* Release */ = {
			isa = XCBuildConfiguration;
			buildSettings = {
				ALWAYS_SEARCH_USER_PATHS = NO;
				ASSETCATALOG_COMPILER_GENERATE_SWIFT_ASSET_SYMBOL_EXTENSIONS = YES;
				CLANG_ANALYZER_NONNULL = YES;
				CLANG_ANALYZER_NUMBER_OBJECT_CONVERSION = YES_AGGRESSIVE;
				CLANG_CXX_LANGUAGE_STANDARD = "gnu++20";
				CLANG_ENABLE_MODULES = YES;
				CLANG_ENABLE_OBJC_ARC = YES;
				CLANG_ENABLE_OBJC_WEAK = YES;
				CLANG_WARN_BLOCK_CAPTURE_AUTORELEASING = YES;
				CLANG_WARN_BOOL_CONVERSION = YES;
				CLANG_WARN_COMMA = YES;
				CLANG_WARN_CONSTANT_CONVERSION = YES;
				CLANG_WARN_DEPRECATED_OBJC_IMPLEMENTATIONS = YES;
				CLANG_WARN_DIRECT_OBJC_ISA_USAGE = YES_ERROR;
				CLANG_WARN_DOCUMENTATION_COMMENTS = YES;
				CLANG_WARN_EMPTY_BODY = YES;
				CLANG_WARN_ENUM_CONVERSION = YES;
				CLANG_WARN_INFINITE_RECURSION = YES;
				CLANG_WARN_INT_CONVERSION = YES;
				CLANG_WARN_NON_LITERAL_NULL_CONVERSION = YES;
				CLANG_WARN_OBJC_IMPLICIT_RETAIN_SELF = YES;
				CLANG_WARN_OBJC_LITERAL_CONVERSION = YES;
				CLANG_WARN_OBJC_ROOT_CLASS = YES_ERROR;
				CLANG_WARN_QUOTED_INCLUDE_IN_FRAMEWORK_HEADER = YES;
				CLANG_WARN_RANGE_LOOP_ANALYSIS = YES;
				CLANG_WARN_STRICT_PROTOTYPES = YES;
				CLANG_WARN_SUSPICIOUS_MOVE = YES;
				CLANG_WARN_UNGUARDED_AVAILABILITY = YES_AGGRESSIVE;
				CLANG_WARN_UNREACHABLE_CODE = YES;
				CLANG_WARN__DUPLICATE_METHOD_MATCH = YES;
				COPY_PHASE_STRIP = NO;
				DEBUG_INFORMATION_FORMAT = "dwarf-with-dsym";
				ENABLE_NS_ASSERTIONS = NO;
				ENABLE_STRICT_OBJC_MSGSEND = YES;
				ENABLE_USER_SCRIPT_SANDBOXING = YES;
				GCC_C_LANGUAGE_STANDARD = gnu17;
				GCC_NO_COMMON_BLOCKS = YES;
				GCC_WARN_64_TO_32_BIT_CONVERSION = YES;
				GCC_WARN_ABOUT_RETURN_TYPE = YES_ERROR;
				GCC_WARN_UNDECLARED_SELECTOR = YES;
				GCC_WARN_UNINITIALIZED_AUTOS = YES_AGGRESSIVE;
				GCC_WARN_UNUSED_FUNCTION = YES;
				GCC_WARN_UNUSED_VARIABLE = YES;
				IPHONEOS_DEPLOYMENT_TARGET = 17.5;
				LOCALIZATION_PREFERS_STRING_CATALOGS = YES;
				MTL_ENABLE_DEBUG_INFO = NO;
				MTL_FAST_MATH = YES;
				SDKROOT = iphoneos;
				SWIFT_COMPILATION_MODE = wholemodule;
				VALIDATE_PRODUCT = YES;
			};
			name = Release;
		};
		BC404BF02C9077FE001BA269 /* Debug */ = {
			isa = XCBuildConfiguration;
			buildSettings = {
				ASSETCATALOG_COMPILER_APPICON_NAME = AppIcon;
				ASSETCATALOG_COMPILER_GLOBAL_ACCENT_COLOR_NAME = AccentColor;
				CODE_SIGN_STYLE = Automatic;
				CURRENT_PROJECT_VERSION = 1;
				DEVELOPMENT_ASSET_PATHS = "\"Log4Day/Preview Content\"";
				DEVELOPMENT_TEAM = F8FT97JYZT;
				ENABLE_PREVIEWS = YES;
				GENERATE_INFOPLIST_FILE = YES;
				INFOPLIST_KEY_UIApplicationSceneManifest_Generation = YES;
				INFOPLIST_KEY_UIApplicationSupportsIndirectInputEvents = YES;
				INFOPLIST_KEY_UILaunchScreen_Generation = YES;
				INFOPLIST_KEY_UISupportedInterfaceOrientations = UIInterfaceOrientationPortrait;
				IPHONEOS_DEPLOYMENT_TARGET = 15.0;
				LD_RUNPATH_SEARCH_PATHS = (
					"$(inherited)",
					"@executable_path/Frameworks",
				);
				MARKETING_VERSION = 1.0;
				PRODUCT_BUNDLE_IDENTIFIER = tunastorm.com.Log4Day;
				PRODUCT_NAME = "$(TARGET_NAME)";
				SUPPORTED_PLATFORMS = "iphoneos iphonesimulator";
				SUPPORTS_MACCATALYST = NO;
				SUPPORTS_MAC_DESIGNED_FOR_IPHONE_IPAD = NO;
				SUPPORTS_XR_DESIGNED_FOR_IPHONE_IPAD = NO;
				SWIFT_EMIT_LOC_STRINGS = YES;
				SWIFT_VERSION = 5.0;
				TARGETED_DEVICE_FAMILY = 1;
			};
			name = Debug;
		};
		BC404BF12C9077FE001BA269 /* Release */ = {
			isa = XCBuildConfiguration;
			buildSettings = {
				ASSETCATALOG_COMPILER_APPICON_NAME = AppIcon;
				ASSETCATALOG_COMPILER_GLOBAL_ACCENT_COLOR_NAME = AccentColor;
				CODE_SIGN_STYLE = Automatic;
				CURRENT_PROJECT_VERSION = 1;
				DEVELOPMENT_ASSET_PATHS = "\"Log4Day/Preview Content\"";
				DEVELOPMENT_TEAM = F8FT97JYZT;
				ENABLE_PREVIEWS = YES;
				GENERATE_INFOPLIST_FILE = YES;
				INFOPLIST_KEY_UIApplicationSceneManifest_Generation = YES;
				INFOPLIST_KEY_UIApplicationSupportsIndirectInputEvents = YES;
				INFOPLIST_KEY_UILaunchScreen_Generation = YES;
				INFOPLIST_KEY_UISupportedInterfaceOrientations = UIInterfaceOrientationPortrait;
				IPHONEOS_DEPLOYMENT_TARGET = 15.0;
				LD_RUNPATH_SEARCH_PATHS = (
					"$(inherited)",
					"@executable_path/Frameworks",
				);
				MARKETING_VERSION = 1.0;
				PRODUCT_BUNDLE_IDENTIFIER = tunastorm.com.Log4Day;
				PRODUCT_NAME = "$(TARGET_NAME)";
				SUPPORTED_PLATFORMS = "iphoneos iphonesimulator";
				SUPPORTS_MACCATALYST = NO;
				SUPPORTS_MAC_DESIGNED_FOR_IPHONE_IPAD = NO;
				SUPPORTS_XR_DESIGNED_FOR_IPHONE_IPAD = NO;
				SWIFT_EMIT_LOC_STRINGS = YES;
				SWIFT_VERSION = 5.0;
				TARGETED_DEVICE_FAMILY = 1;
			};
			name = Release;
		};
		BC404BF32C9077FE001BA269 /* Debug */ = {
			isa = XCBuildConfiguration;
			buildSettings = {
				ALWAYS_EMBED_SWIFT_STANDARD_LIBRARIES = YES;
				BUNDLE_LOADER = "$(TEST_HOST)";
				CODE_SIGN_STYLE = Automatic;
				CURRENT_PROJECT_VERSION = 1;
				DEVELOPMENT_TEAM = F8FT97JYZT;
				GENERATE_INFOPLIST_FILE = YES;
				IPHONEOS_DEPLOYMENT_TARGET = 17.5;
				MARKETING_VERSION = 1.0;
				PRODUCT_BUNDLE_IDENTIFIER = tunastorm.com.Log4DayTests;
				PRODUCT_NAME = "$(TARGET_NAME)";
				SWIFT_EMIT_LOC_STRINGS = NO;
				SWIFT_VERSION = 5.0;
				TARGETED_DEVICE_FAMILY = "1,2";
				TEST_HOST = "$(BUILT_PRODUCTS_DIR)/Log4Day.app/$(BUNDLE_EXECUTABLE_FOLDER_PATH)/Log4Day";
			};
			name = Debug;
		};
		BC404BF42C9077FE001BA269 /* Release */ = {
			isa = XCBuildConfiguration;
			buildSettings = {
				ALWAYS_EMBED_SWIFT_STANDARD_LIBRARIES = YES;
				BUNDLE_LOADER = "$(TEST_HOST)";
				CODE_SIGN_STYLE = Automatic;
				CURRENT_PROJECT_VERSION = 1;
				DEVELOPMENT_TEAM = F8FT97JYZT;
				GENERATE_INFOPLIST_FILE = YES;
				IPHONEOS_DEPLOYMENT_TARGET = 17.5;
				MARKETING_VERSION = 1.0;
				PRODUCT_BUNDLE_IDENTIFIER = tunastorm.com.Log4DayTests;
				PRODUCT_NAME = "$(TARGET_NAME)";
				SWIFT_EMIT_LOC_STRINGS = NO;
				SWIFT_VERSION = 5.0;
				TARGETED_DEVICE_FAMILY = "1,2";
				TEST_HOST = "$(BUILT_PRODUCTS_DIR)/Log4Day.app/$(BUNDLE_EXECUTABLE_FOLDER_PATH)/Log4Day";
			};
			name = Release;
		};
		BC404BF62C9077FE001BA269 /* Debug */ = {
			isa = XCBuildConfiguration;
			buildSettings = {
				ALWAYS_EMBED_SWIFT_STANDARD_LIBRARIES = YES;
				CODE_SIGN_STYLE = Automatic;
				CURRENT_PROJECT_VERSION = 1;
				DEVELOPMENT_TEAM = F8FT97JYZT;
				GENERATE_INFOPLIST_FILE = YES;
				MARKETING_VERSION = 1.0;
				PRODUCT_BUNDLE_IDENTIFIER = tunastorm.com.Log4DayUITests;
				PRODUCT_NAME = "$(TARGET_NAME)";
				SWIFT_EMIT_LOC_STRINGS = NO;
				SWIFT_VERSION = 5.0;
				TARGETED_DEVICE_FAMILY = "1,2";
				TEST_TARGET_NAME = Log4Day;
			};
			name = Debug;
		};
		BC404BF72C9077FE001BA269 /* Release */ = {
			isa = XCBuildConfiguration;
			buildSettings = {
				ALWAYS_EMBED_SWIFT_STANDARD_LIBRARIES = YES;
				CODE_SIGN_STYLE = Automatic;
				CURRENT_PROJECT_VERSION = 1;
				DEVELOPMENT_TEAM = F8FT97JYZT;
				GENERATE_INFOPLIST_FILE = YES;
				MARKETING_VERSION = 1.0;
				PRODUCT_BUNDLE_IDENTIFIER = tunastorm.com.Log4DayUITests;
				PRODUCT_NAME = "$(TARGET_NAME)";
				SWIFT_EMIT_LOC_STRINGS = NO;
				SWIFT_VERSION = 5.0;
				TARGETED_DEVICE_FAMILY = "1,2";
				TEST_TARGET_NAME = Log4Day;
			};
			name = Release;
		};
/* End XCBuildConfiguration section */

/* Begin XCConfigurationList section */
		BC404BC62C9077FC001BA269 /* Build configuration list for PBXProject "Log4Day" */ = {
			isa = XCConfigurationList;
			buildConfigurations = (
				BC404BED2C9077FE001BA269 /* Debug */,
				BC404BEE2C9077FE001BA269 /* Release */,
			);
			defaultConfigurationIsVisible = 0;
			defaultConfigurationName = Release;
		};
		BC404BEF2C9077FE001BA269 /* Build configuration list for PBXNativeTarget "Log4Day" */ = {
			isa = XCConfigurationList;
			buildConfigurations = (
				BC404BF02C9077FE001BA269 /* Debug */,
				BC404BF12C9077FE001BA269 /* Release */,
			);
			defaultConfigurationIsVisible = 0;
			defaultConfigurationName = Release;
		};
		BC404BF22C9077FE001BA269 /* Build configuration list for PBXNativeTarget "Log4DayTests" */ = {
			isa = XCConfigurationList;
			buildConfigurations = (
				BC404BF32C9077FE001BA269 /* Debug */,
				BC404BF42C9077FE001BA269 /* Release */,
			);
			defaultConfigurationIsVisible = 0;
			defaultConfigurationName = Release;
		};
		BC404BF52C9077FE001BA269 /* Build configuration list for PBXNativeTarget "Log4DayUITests" */ = {
			isa = XCConfigurationList;
			buildConfigurations = (
				BC404BF62C9077FE001BA269 /* Debug */,
				BC404BF72C9077FE001BA269 /* Release */,
			);
			defaultConfigurationIsVisible = 0;
			defaultConfigurationName = Release;
		};
/* End XCConfigurationList section */
	};
	rootObject = BC404BC32C9077FC001BA269 /* Project object */;
}
